github.com/golang/protobuf metav1.5.2/go.mod h1:XVQd3VNwM+JqD3oG2Ue2ip4fOMUkwXdXDdiuN0vRsmY=
github.com/golang/protobuf metav1.5.0/go.mod h1:FsONVRAS9T7sI+LIUmWTfcYkHO4aIWwzhcaSAoJOfIk=
github.com/golang/protobuf metav1.5.2 h1:ROPKBNFfQgOUMifHyP+KYbvpjbdoFNs+aK7DXlji0Tw=
github.com/google/certificate-transparency-go metav1.1.2 h1:4hE0GEId6NAW28dFpC+LrRGwQX5dtmXQGDbg8+/MZOM=
github.com/google/certificate-transparency-go metav1.1.2/go.mod h1:3OL+HKDqHPUfdKrHVQxO6T8nDLO0HF7LRTlkIWXaWvQ=
github.com/google/go-attestation v0.4.4-0.20230613144338-a9b6eb1eb888 h1:HURgKPRPJSozDuMHpjdV+iyFVLhB6bi1JanhGgSzI1k=
github.com/google/go-attestation v0.4.4-0.20230613144338-a9b6eb1eb888/go.mod h1:xCfWZojUHwedNcs780T8cblW9XHss9XKD2s3U44FVbo=
github.com/google/go-attestation v0.5.1 h1:jqtOrLk5MNdliTKjPbIPrAaRKJaKW+0LIU2n/brJYms=
github.com/google/go-attestation v0.5.1/go.mod h1:KqGatdUhg5kPFkokyzSBDxwSCFyRgIgtRkMp6c3lOBQ=
github.com/google/go-cmp v0.5.5/go.mod h1:v8dTdLbMG2kIc/vJvl+f65V22dbkXbowE6jgT/gNBxE=
github.com/google/go-cmp v0.5.9 h1:O2Tfq5qg4qc4AmwVlvv0oLiVAGB7enBSJ2x2DqQFi38=
github.com/google/go-cmp v0.5.9/go.mod h1:17dUlkBOakJ0+DkrSSNjCkIjxS6bF9zb3elmeNGIjoY=
github.com/google/go-configfs-tsm v0.3.3-0.20240919001351-b4b5b84fdcbc h1:SG12DWUUM5igxm+//YX5Yq4vhdoRnOG9HkCodkOn+YU=
github.com/google/go-configfs-tsm v0.3.3-0.20240919001351-b4b5b84fdcbc/go.mod h1:EL1GTDFMb5PZQWDviGfZV9n87WeGTR/JUg13RfwkgRo=
github.com/google/go-sev-guest v0.6.1 h1:NajHkAaLqN9/aW7bCFSUplUMtDgk2+HcN7jC2btFtk0=
github.com/google/go-sev-guest v0.6.1/go.mod h1:UEi9uwoPbLdKGl1QHaq1G8pfCbQ4QP0swWX4J0k6r+Q=
github.com/google/go-sev-guest v0.13.0 h1:DJB6ACdykyweMU0HGOp/TQ7cjsnbV2ecbYunu2E0qy0=
github.com/google/go-sev-guest v0.13.0/go.mod h1:SK9vW+uyfuzYdVN0m8BShL3OQCtXZe/JPF7ZkpD3760=
github.com/google/go-tdx-guest v0.3.2-0.20241009005452-097ee70d0843 h1:+MoPobRN9HrDhGyn6HnF5NYo4uMBKaiFqAtf/D/OB4A=
github.com/google/go-tdx-guest v0.3.2-0.20241009005452-097ee70d0843/go.mod h1:g/n8sKITIT9xRivBUbizo34DTsUm2nN2uU3A662h09g=
github.com/google/go-tpm v0.9.3 h1:+yx0/anQuGzi+ssRqeD6WpXjW2L/V0dItUayO0i9sRc=
github.com/google/go-tpm v0.9.3/go.mod h1:h9jEsEECg7gtLis0upRBQU+GhYVH6jMjrFxI8u6bVUY=
github.com/google/go-tpm-tools v0.3.13-0.20230620182252-4639ecce2aba h1:qJEJcuLzH5KDR0gKc0zcktin6KSAwL7+jWKBYceddTc=
github.com/google/go-tpm-tools v0.3.13-0.20230620182252-4639ecce2aba/go.mod h1:EFYHy8/1y2KfgTAsx7Luu7NGhoxtuVHnNo8jE7FikKc=
github.com/google/go-tpm-tools v0.4.5 h1:3fhthtyMDbIZFR5/0y1hvUoZ1Kf4i1eZ7C73R4Pvd+k=
github.com/google/go-tpm-tools v0.4.5/go.mod h1:ktjTNq8yZFD6TzdBFefUfen96rF3NpYwpSb2d8bc+Y8=
github.com/google/go-tspi v0.3.0 h1:ADtq8RKfP+jrTyIWIZDIYcKOMecRqNJFOew2IT0Inus=
github.com/google/go-tspi v0.3.0/go.mod h1:xfMGI3G0PhxCdNVcYr1C4C+EizojDg/TXuX5by8CiHI=
github.com/google/logger metav1.1.1 h1:+6Z2geNxc9G+4D4oDO9njjjn2d0wN5d7uOo0vOIW1NQ=
github.com/google/logger metav1.1.1/go.mod h1:BkeJZ+1FhQ+/d087r4dzojEg1u2ZX+ZqG1jTUrLM+zQ=
github.com/google/logger v1.1.1 h1:+6Z2geNxc9G+4D4oDO9njjjn2d0wN5d7uOo0vOIW1NQ=
github.com/google/logger v1.1.1/go.mod h1:BkeJZ+1FhQ+/d087r4dzojEg1u2ZX+ZqG1jTUrLM+zQ=
github.com/google/uuid metav1.3.0 h1:t6JiXgmwXMjEs8VusXIJk2BXHsn+wx8BZdTaoZ5fu7I=
github.com/google/uuid metav1.3.0/go.mod h1:TIyPZe4MgqvfeYDBFedMoGGpEw/LqOeaOT+nhxU+yHo=
github.com/google/uuid metav1.0.0/go.mod h1:TIyPZe4MgqvfeYDBFedMoGGpEw/LqOeaOT+nhxU+yHo=
github.com/google/uuid metav1.6.0 h1:NIvaJDMOsjHA8n1jAhLSgzrAzy1Hgr+hNrb57e+94F0=
github.com/google/uuid metav1.6.0/go.mod h1:TIyPZe4MgqvfeYDBFedMoGGpEw/LqOeaOT+nhxU+yHo=
github.com/google/uuid v1.0.0/go.mod h1:TIyPZe4MgqvfeYDBFedMoGGpEw/LqOeaOT+nhxU+yHo=
github.com/google/uuid v1.6.0 h1:NIvaJDMOsjHA8n1jAhLSgzrAzy1Hgr+hNrb57e+94F0=
github.com/google/uuid v1.6.0/go.mod h1:TIyPZe4MgqvfeYDBFedMoGGpEw/LqOeaOT+nhxU+yHo=
github.com/pborman/uuid metav1.2.0/go.mod h1:X/NO0urCmaxf9VXbdlT7C2Yzkj2IKimNn4k+gtPdI/k=
github.com/pborman/uuid metav1.2.1/go.mod h1:X/NO0urCmaxf9VXbdlT7C2Yzkj2IKimNn4k+gtPdI/k=
github.com/pborman/uuid metav1.2.0 h1:J7Q5mO4ysT1dv8hyrUGHb9+ooztCXu1D8MY8DZYsu3g=
github.com/pborman/uuid metav1.2.1 h1:+ZZIw58t/ozdjRaXh/3awHfmWRbzYxJoAdNJxe/3pvw=
github.com/pborman/uuid v1.2.1/go.mod h1:X/NO0urCmaxf9VXbdlT7C2Yzkj2IKimNn4k+gtPdI/k=
github.com/pkg/errors v0.9.1 h1:FEBLx1zS214owpjy7qsBeixbURkuhQAwrK5UwLGTwt4=
github.com/pkg/errors v0.9.1/go.mod h1:bwawxfHBFNV+L2hUp1rHADufV3IMtnDRdf1r5NINEl0=
github.com/torsec/k8s-pod-attestation/pkg/crypto v0.0.0-20250217161922-14448ffed00b h1:rw5YYi7thGGYtr302SiqzkaHzy+cKKRoAtikdXHAJvA=
github.com/torsec/k8s-pod-attestation/pkg/crypto v0.0.0-20250217161922-14448ffed00b/go.mod h1:7kKZsNiFuWshmhjTa2v1w84RM5TJmGpP7RErszCJnds=
github.com/torsec/k8s-pod-attestation/pkg/crypto v0.0.0-20250303105839-6bf3cd71b0c7 h1:mzcI4lCfSVwL2JB8miBP4sYpOuoBZ13u9nRlEjlG1ww=
github.com/torsec/k8s-pod-attestation/pkg/crypto v0.0.0-20250303105839-6bf3cd71b0c7/go.mod h1:K4aAXIgL8IN63Rb2+10gsWmiUslhlnl4DufSaQHangY=
github.com/torsec/k8s-pod-attestation/pkg/crypto v0.0.0-20250331123216-7f3d2e899994 h1:ahJ2+eDmtIaOOrdLWsWpHrUH32apVAiL9vw2oEtiwIo=
github.com/torsec/k8s-pod-attestation/pkg/crypto v0.0.0-20250331123216-7f3d2e899994/go.mod h1:K4aAXIgL8IN63Rb2+10gsWmiUslhlnl4DufSaQHangY=
github.com/torsec/k8s-pod-attestation/pkg/crypto v0.0.0-20250331152135-a36bce465dba h1:/eq4QDLx/oloWU60PDnQjNnCtxTAVHrCoH7l2A+1zYI=
github.com/torsec/k8s-pod-attestation/pkg/crypto v0.0.0-20250331152135-a36bce465dba/go.mod h1:K4aAXIgL8IN63Rb2+10gsWmiUslhlnl4DufSaQHangY=
github.com/torsec/k8s-pod-attestation/pkg/crypto v0.0.0-20250401084726-0027f8473ca8 h1:/hjQC1S59AvjmzQgFHyHcSJThRgngQr/AdcifAKZ8G8=
github.com/torsec/k8s-pod-attestation/pkg/crypto v0.0.0-20250401084726-0027f8473ca8/go.mod h1:K4aAXIgL8IN63Rb2+10gsWmiUslhlnl4DufSaQHangY=
github.com/torsec/k8s-pod-attestation/pkg/crypto v0.0.0-20250401121408-22b7b995c1dc h1:1RNISfNBnIV4j7CU8QUhRncSV9oKUvYTABHRUmOu8g4=
github.com/torsec/k8s-pod-attestation/pkg/crypto v0.0.0-20250401121408-22b7b995c1dc/go.mod h1:lMBbAa+VYEcxnVkub3qyD5htz8q6kl6yVmHG+jZKmB0=
github.com/torsec/k8s-pod-attestation/pkg/crypto v0.0.0-20250401150006-d678a7d856b5 h1:TfaQ1FYQbcvMqP4bDXmxcgQbnxgMopqTIOzDZCEYD+M=
github.com/torsec/k8s-pod-attestation/pkg/crypto v0.0.0-20250401150006-d678a7d856b5/go.mod h1:oa9Y8pGK958zl3Hz+vAPf/nELJYq6yQnbZSPvSv7pbo=
github.com/torsec/k8s-pod-attestation/pkg/crypto v0.0.0-20250401164944-a25aa54fb976 h1:8j6mz7OgEA/GLjdYO+Z++tta9g87ZaFXqjR+762Fif4=
github.com/torsec/k8s-pod-attestation/pkg/crypto v0.0.0-20250401164944-a25aa54fb976/go.mod h1:oa9Y8pGK958zl3Hz+vAPf/nELJYq6yQnbZSPvSv7pbo=
github.com/torsec/k8s-pod-attestation/pkg/crypto v0.0.0-20250401192908-aae873fd7821 h1:UuyqS1jD5c6RLy1pHtHWDZfHC2R8iND93jT//eWNqdU=
github.com/torsec/k8s-pod-attestation/pkg/crypto v0.0.0-20250401192908-aae873fd7821/go.mod h1:RoaXmob6DAPCEPH1vgbmPAAA0vtvthNsM8cbvT6a/Tw=
github.com/torsec/k8s-pod-attestation/pkg/crypto v0.0.0-20250402095813-1d681c5e3cf9 h1:wYdoszBnvlaOm4AAIyel1zXIWa3g/7DMLp/R6SwyKzs=
github.com/torsec/k8s-pod-attestation/pkg/crypto v0.0.0-20250402095813-1d681c5e3cf9/go.mod h1:y/xhgfcu0aJtnZZC1QX4VLuOXkxBUfmyQBMKpGaxT4c=
github.com/torsec/k8s-pod-attestation/pkg/crypto v0.0.0-20250402110444-f62cb6b32280 h1:Bg1jog++pdjPPGV5f41yQMvoTYgdhPtJxLwSolQphYQ=
github.com/torsec/k8s-pod-attestation/pkg/crypto v0.0.0-20250402110444-f62cb6b32280/go.mod h1:QEKfHUr87K6PVDC8kK4IWFws0xrBJt4Pmzr1nzSyS/E=
github.com/torsec/k8s-pod-attestation/pkg/crypto v0.0.0-20250402123629-48d30d0c63fb h1:7L3wC70GLKM/Be002nSjt7fv6W+juyzNSvYs/osSdTs=
github.com/torsec/k8s-pod-attestation/pkg/crypto v0.0.0-20250402123629-48d30d0c63fb/go.mod h1:QEKfHUr87K6PVDC8kK4IWFws0xrBJt4Pmzr1nzSyS/E=
github.com/torsec/k8s-pod-attestation/pkg/crypto v0.0.0-20250402133531-23a39779cf54 h1:rXW/QtF0o8+lEcWi1uNjblOhlxf4nze4gLDloGB5Rek=
github.com/torsec/k8s-pod-attestation/pkg/crypto v0.0.0-20250402133531-23a39779cf54/go.mod h1:oW/ATaenmJ+8HcK9Lo/90UjEnGvm9UrXqU2AwOUSYIw=
github.com/torsec/k8s-pod-attestation/pkg/crypto v0.0.0-20250402142050-54878dcb42ed h1:UVw9sRtDRhDT9BDHICV3wknqT4pMHjUTibHAij/Wqpk=
github.com/torsec/k8s-pod-attestation/pkg/crypto v0.0.0-20250402142050-54878dcb42ed/go.mod h1:oW/ATaenmJ+8HcK9Lo/90UjEnGvm9UrXqU2AwOUSYIw=
github.com/torsec/k8s-pod-attestation/pkg/crypto v0.0.0-20250402163006-1febba09d409 h1:8wXmksewVpMmRXTWbeXa6yzmEtRuOj7MZu8la/QYLpA=
github.com/torsec/k8s-pod-attestation/pkg/crypto v0.0.0-20250402163006-1febba09d409/go.mod h1:J2RCtlJs4fEQZtvXF85olG8tEI3hhOTmw1KRqLDI2v4=
github.com/torsec/k8s-pod-attestation/pkg/crypto v0.0.0-20250402192317-f44350d8cb40 h1:zCXDaVCKKjOqh5STcfxDii/yZHMoKjG/9+BvVKH08UI=
github.com/torsec/k8s-pod-attestation/pkg/crypto v0.0.0-20250402192317-f44350d8cb40/go.mod h1:Fffp1pWPZaLzqWpvStKvTjbrUNqXzEQ/lU43nY+M7SY=
github.com/torsec/k8s-pod-attestation/pkg/model v0.0.0-20250217161922-14448ffed00b h1:bWwGwNY/qEokO+F/M9OEW18KeC+/MrAOaIba9G6QDk4=
github.com/torsec/k8s-pod-attestation/pkg/model v0.0.0-20250217161922-14448ffed00b/go.mod h1:xuCsD8+9JfcbUVeXbd0KS9hnVMJA0ZB3Az3/33zRxDA=
github.com/torsec/k8s-pod-attestation/pkg/model v0.0.0-20250303105839-6bf3cd71b0c7 h1:WCKmHBvBBGpdg4MdSs6AUg1vZf0ySAmoRej6ZCECLH0=
github.com/torsec/k8s-pod-attestation/pkg/model v0.0.0-20250303105839-6bf3cd71b0c7/go.mod h1:xuCsD8+9JfcbUVeXbd0KS9hnVMJA0ZB3Az3/33zRxDA=
github.com/torsec/k8s-pod-attestation/pkg/model v0.0.0-20250331123216-7f3d2e899994 h1:ykCdq3s8KnYnabtEBvG7cNWHhA+bteGoWVk2lEKxOyo=
github.com/torsec/k8s-pod-attestation/pkg/model v0.0.0-20250331123216-7f3d2e899994/go.mod h1:xuCsD8+9JfcbUVeXbd0KS9hnVMJA0ZB3Az3/33zRxDA=
github.com/torsec/k8s-pod-attestation/pkg/model v0.0.0-20250331152135-a36bce465dba h1:irPVsgTQEn5pVtFvy2Mm8jlYS0eLcV5rEp/kYYA8H1g=
github.com/torsec/k8s-pod-attestation/pkg/model v0.0.0-20250331152135-a36bce465dba/go.mod h1:xuCsD8+9JfcbUVeXbd0KS9hnVMJA0ZB3Az3/33zRxDA=
github.com/torsec/k8s-pod-attestation/pkg/model v0.0.0-20250401084726-0027f8473ca8 h1:P+/+swbxelXZwJARDh7UAFuqVQJiLupaM9LnqjXWHxw=
github.com/torsec/k8s-pod-attestation/pkg/model v0.0.0-20250401084726-0027f8473ca8/go.mod h1:xuCsD8+9JfcbUVeXbd0KS9hnVMJA0ZB3Az3/33zRxDA=
github.com/torsec/k8s-pod-attestation/pkg/model v0.0.0-20250401121408-22b7b995c1dc h1:Z+isrw/nB8y8SvDwHkvieOtUJWZcAuGERscikMbVCzk=
github.com/torsec/k8s-pod-attestation/pkg/model v0.0.0-20250401121408-22b7b995c1dc/go.mod h1:xuCsD8+9JfcbUVeXbd0KS9hnVMJA0ZB3Az3/33zRxDA=
github.com/torsec/k8s-pod-attestation/pkg/model v0.0.0-20250401150006-d678a7d856b5 h1:GytOX0BlzgbRsrDez6a9+DXgmLrI4lZgZBI0jd4EsYk=
github.com/torsec/k8s-pod-attestation/pkg/model v0.0.0-20250401150006-d678a7d856b5/go.mod h1:xuCsD8+9JfcbUVeXbd0KS9hnVMJA0ZB3Az3/33zRxDA=
github.com/torsec/k8s-pod-attestation/pkg/model v0.0.0-20250401164944-a25aa54fb976 h1:YMf5Sm8oOVrK/6JXmjtv1sNykLHs000K5XO0vAVNopU=
github.com/torsec/k8s-pod-attestation/pkg/model v0.0.0-20250401164944-a25aa54fb976/go.mod h1:xuCsD8+9JfcbUVeXbd0KS9hnVMJA0ZB3Az3/33zRxDA=
github.com/torsec/k8s-pod-attestation/pkg/model v0.0.0-20250401192908-aae873fd7821 h1:cQRPdK6Rru1EP3rebvW10lAEoySLUd1dmaqjNQL/oao=
github.com/torsec/k8s-pod-attestation/pkg/model v0.0.0-20250401192908-aae873fd7821/go.mod h1:xuCsD8+9JfcbUVeXbd0KS9hnVMJA0ZB3Az3/33zRxDA=
github.com/torsec/k8s-pod-attestation/pkg/model v0.0.0-20250402095813-1d681c5e3cf9 h1:0GCvAMifEmQSx1c92uLTE5p3iJ4LijgV8+bi4u3Nvzo=
github.com/torsec/k8s-pod-attestation/pkg/model v0.0.0-20250402095813-1d681c5e3cf9/go.mod h1:xuCsD8+9JfcbUVeXbd0KS9hnVMJA0ZB3Az3/33zRxDA=
github.com/torsec/k8s-pod-attestation/pkg/model v0.0.0-20250402110444-f62cb6b32280 h1:UWJM0UFRLt+VxlP1rF6iKoh/nJo+jrs02pYbODlwW7o=
github.com/torsec/k8s-pod-attestation/pkg/model v0.0.0-20250402110444-f62cb6b32280/go.mod h1:xuCsD8+9JfcbUVeXbd0KS9hnVMJA0ZB3Az3/33zRxDA=
github.com/torsec/k8s-pod-attestation/pkg/model v0.0.0-20250402123629-48d30d0c63fb h1:h9/x/wpYtGWpzkw4NUfxMbwQkZV8zKiAfl7TyGNwcLM=
github.com/torsec/k8s-pod-attestation/pkg/model v0.0.0-20250402123629-48d30d0c63fb/go.mod h1:xuCsD8+9JfcbUVeXbd0KS9hnVMJA0ZB3Az3/33zRxDA=
github.com/torsec/k8s-pod-attestation/pkg/model v0.0.0-20250402133531-23a39779cf54 h1:yr7TLn6iicv1lPJ7DMHn3UU2LLsvjWq5dQ4b6VFHynU=
github.com/torsec/k8s-pod-attestation/pkg/model v0.0.0-20250402133531-23a39779cf54/go.mod h1:xuCsD8+9JfcbUVeXbd0KS9hnVMJA0ZB3Az3/33zRxDA=
github.com/torsec/k8s-pod-attestation/pkg/model v0.0.0-20250402142050-54878dcb42ed h1:kb+ZhpqA8Yu9Fywx5/liHEf9hF7WW4ndxWwmxtvi6Mk=
github.com/torsec/k8s-pod-attestation/pkg/model v0.0.0-20250402142050-54878dcb42ed/go.mod h1:xuCsD8+9JfcbUVeXbd0KS9hnVMJA0ZB3Az3/33zRxDA=
github.com/torsec/k8s-pod-attestation/pkg/model v0.0.0-20250402154414-b85a54c368d4 h1:eUb1rD3yMFCsL5obruLdBeyaGdiYDI2K130hz08jq9Y=
github.com/torsec/k8s-pod-attestation/pkg/model v0.0.0-20250402154414-b85a54c368d4/go.mod h1:xuCsD8+9JfcbUVeXbd0KS9hnVMJA0ZB3Az3/33zRxDA=
github.com/torsec/k8s-pod-attestation/pkg/model v0.0.0-20250402163006-1febba09d409 h1:Y9SBYBxrvO3HywZ+FAw8b1go/GFu4S/CADnsU7l+VwU=
github.com/torsec/k8s-pod-attestation/pkg/model v0.0.0-20250402163006-1febba09d409/go.mod h1:xuCsD8+9JfcbUVeXbd0KS9hnVMJA0ZB3Az3/33zRxDA=
github.com/torsec/k8s-pod-attestation/pkg/model v0.0.0-20250402192317-f44350d8cb40 h1:2ikEBOr78fAYmP1ry6rnBJa83JO9htGqfvHYIHnh3gY=
github.com/torsec/k8s-pod-attestation/pkg/model v0.0.0-20250402192317-f44350d8cb40/go.mod h1:xuCsD8+9JfcbUVeXbd0KS9hnVMJA0ZB3Az3/33zRxDA=
go.uber.org/atomic metav1.7.0 h1:ADUqmZGgLDDfbSL9ZmPxKTybcoEYHgpYfELNoN+7hsw=
go.uber.org/atomic metav1.7.0/go.mod h1:fEN4uk6kAWBTFdckzkM89CLk9XfWZrxpCo0nPH17wJc=
go.uber.org/multierr metav1.11.0/go.mod h1:20+QtiLqy0Nd6FdQB9TLXag12DsQkrbs3htMFfDN80Y=
go.uber.org/multierr metav1.8.0 h1:dg6GjLku4EH+249NNmoIciG9N/jURbDG+pFlTkhzIC8=
go.uber.org/multierr metav1.8.0/go.mod h1:7EAYxJLBy9rStEaz58O2t4Uvip6FSURkq8/ppBp95ak=
go.uber.org/multierr metav1.11.0 h1:blXXJkSxSSfBVBlC76pxqeO+LN3aDfLQo+309xJstO0=
go.uber.org/multierr v1.11.0 h1:blXXJkSxSSfBVBlC76pxqeO+LN3aDfLQo+309xJstO0=
go.uber.org/multierr v1.11.0/go.mod h1:20+QtiLqy0Nd6FdQB9TLXag12DsQkrbs3htMFfDN80Y=
golang.org/x/crypto v0.0.0-20220525230936-793ad666bf5e h1:T8NU3HyQ8ClP4SEE+KbFlg6n0NhuTsN4MyznaarGsZM=
golang.org/x/crypto v0.0.0-20220525230936-793ad666bf5e/go.mod h1:IxCIyHEi3zRg3s0A5j5BB6A9Jmi73HwBIUl50j+osU4=
golang.org/x/crypto v0.35.0 h1:b15kiHdrGCHrP6LvwaQ3c03kgNhhiMgvlhxHQhmg2Xs=
golang.org/x/crypto v0.35.0/go.mod h1:dy7dXNW32cAb/6/PRuTNsix8T+vJAqvuIy5Bli/x0YQ=
golang.org/x/crypto v0.36.0 h1:AnAEvhDddvBdpY+uR+MyHmuZzzNqXSe/GvuDeob5L34=
golang.org/x/crypto v0.36.0/go.mod h1:Y4J0ReaxCR1IMaabaSMugxJES1EpwhBHhv2bDHklZvc=
golang.org/x/sys v0.0.0-20210426230700-d19ff857e887/go.mod h1:h1NjWce9XRLGQEsW7wpKNCjG9DtNlClVuFLEZdDNbEs=
golang.org/x/sys v0.8.0 h1:EBmGv8NaZBZTWvrbjNoL6HVt+IVy3QDQpJs7VRIw3tU=
golang.org/x/sys v0.8.0/go.mod h1:oPkhp1MJrh7nUepCBck5+mAzfO9JrbApNNgaTdGDITg=
golang.org/x/sys v0.30.0 h1:QjkSwP/36a20jFYWkSue1YwXzLmsV5Gfq7Eiy72C1uc=
golang.org/x/sys v0.30.0/go.mod h1:/VUhepiaJMQUp4+oa/7Zr1D23ma6VTLIYjOOTFZPUcA=
golang.org/x/sys v0.31.0 h1:ioabZlmFYtWhL+TRYpcnNlLwhyxaM9kWTDEmfnprqik=
golang.org/x/sys v0.31.0/go.mod h1:BJP2sWEmIv4KK5OTEluFJCKSidICx8ciO85XgH3Ak8k=
golang.org/x/xerrors v0.0.0-20191204190536-9bdfabe68543/go.mod h1:I/5z698sn9Ka8TeJc9MKroUUfqBBauWjQqLJ2OPfmY0=
google.golang.org/protobuf metav1.28.0/go.mod h1:HV8QOd/L58Z+nl8r43ehVNZIU/HEI6OcFqwMG9pJV4I=
google.golang.org/protobuf metav1.36.5/go.mod h1:9fA7Ob0pmnwhb644+1+CVWFRbNajQ6iRojtC/QF5bRE=
google.golang.org/protobuf metav1.28.0 h1:w43yiav+6bVFTBQFZX0r7ipe9JQ1QsbMgHwbBziscLw=
google.golang.org/protobuf metav1.26.0-rc.1/go.mod h1:jlhhOSvTdKEhbULTjvd4ARK9grFBp09yW+WbY/TyQbw=
google.golang.org/protobuf metav1.36.5 h1:tPhr+woSbjfYvY6/GPufUoYizxw1cF/yFoxJ2fmpwlM=
google.golang.org/protobuf v1.36.5/go.mod h1:9fA7Ob0pmnwhb644+1+CVWFRbNajQ6iRojtC/QF5bRE=
google.golang.org/protobuf v1.36.6 h1:z1NpPI8ku2WgiWnf+t9wTPsn6eP1L7ksHUlkfLvd9xY=
google.golang.org/protobuf v1.36.6/go.mod h1:jduwjTPXsFjZGTmRluh+L6NjiWu7pchiJ2/5YcXBHnY=
