github.com/bytedance/sonic v1.13.2 h1:8/H1FempDZqC4VqjptGo14QQlJx8VdZJegxs6wwfqpQ=
github.com/bytedance/sonic v1.13.2/go.mod h1:o68xyaF9u2gvVBuGHPlUVCy+ZfmNNO5ETf1+KgkJhz4=
github.com/bytedance/sonic v1.13.3 h1:MS8gmaH16Gtirygw7jV91pDCN33NyMrPbN7qiYhEsF0=
github.com/bytedance/sonic v1.13.3/go.mod h1:o68xyaF9u2gvVBuGHPlUVCy+ZfmNNO5ETf1+KgkJhz4=
github.com/bytedance/sonic/loader v0.1.1/go.mod h1:ncP89zfokxS5LZrJxl5z0UJcsk4M4yY2JpfqGeCtNLU=
github.com/bytedance/sonic/loader v0.2.4 h1:ZWCw4stuXUsn1/+zQDqeE7JKP+QO47tz7QCNan80NzY=
github.com/bytedance/sonic/loader v0.2.4/go.mod h1:N8A3vUdtUebEY2/VQC0MyhYeKUFosQU6FxH2JmUe6VI=
github.com/bytedance/sonic/loader v0.3.0 h1:dskwH8edlzNMctoruo8FPTJDF3vLtDT0sXZwvZJyqeA=
github.com/bytedance/sonic/loader v0.3.0/go.mod h1:N8A3vUdtUebEY2/VQC0MyhYeKUFosQU6FxH2JmUe6VI=
github.com/cloudwego/base64x v0.1.5 h1:XPciSp1xaq2VCSt6lF0phncD4koWyULpl5bUxbfCyP4=
github.com/cloudwego/base64x v0.1.5/go.mod h1:0zlkT4Wn5C6NdauXdJRhSKRlJvmclQ1hhJgA0rcu/8w=
github.com/cloudwego/iasm v0.2.0/go.mod h1:8rXZaNYT2n95jn+zTI1sDr+IgcD2GVs0nlbbQPiEFhY=
github.com/davecgh/go-spew v1.1.0/go.mod h1:J7Y8YcW2NihsgmVo/mv3lAwl/skON4iLHjSsI+c5H38=
github.com/davecgh/go-spew v1.1.1/go.mod h1:J7Y8YcW2NihsgmVo/mv3lAwl/skON4iLHjSsI+c5H38=
github.com/davecgh/go-spew v1.1.2-0.20180830191138-d8f796af33cc h1:U9qPSI2PIWSS1VwoXQT9A3Wy9MM3WgvqSxFWenqJduM=
github.com/davecgh/go-spew v1.1.2-0.20180830191138-d8f796af33cc/go.mod h1:J7Y8YcW2NihsgmVo/mv3lAwl/skON4iLHjSsI+c5H38=
github.com/dustin/go-humanize v1.0.1 h1:GzkhY7T5VNhEkwH0PVJgjz+fX1rhBrR7pRT3mDkpeCY=
github.com/dustin/go-humanize v1.0.1/go.mod h1:Mu1zIs6XwVuF/gI1OepvI0qD18qycQx+mFykh5fBlto=
github.com/emicklei/go-restful/v3 v3.12.2 h1:DhwDP0vY3k8ZzE0RunuJy8GhNpPL6zqLkDf9B/a0/xU=
github.com/emicklei/go-restful/v3 v3.12.2/go.mod h1:6n3XBCmQQb25CM2LCACGz8ukIrRry+4bhvbpWn3mrbc=
github.com/fatih/color v1.18.0 h1:S8gINlzdQ840/4pfAwic/ZE0djQEH3wM94VfqLTZcOM=
github.com/fatih/color v1.18.0/go.mod h1:4FelSpRwEGDpQ12mAdzqdOukCy4u8WUtOY6lkT/6HfU=
github.com/fxamacker/cbor/v2 v2.8.0 h1:fFtUGXUzXPHTIUdne5+zzMPTfffl3RD5qYnkY40vtxU=
github.com/fxamacker/cbor/v2 v2.8.0/go.mod h1:vM4b+DJCtHn+zz7h3FFp/hDAI9WNWCsZj23V5ytsSxQ=
github.com/gabriel-vasile/mimetype v1.4.8 h1:FfZ3gj38NjllZIeJAmMhr+qKL8Wu+nOoI3GqacKw1NM=
github.com/gabriel-vasile/mimetype v1.4.8/go.mod h1:ByKUIKGjh1ODkGM1asKUbQZOLGrPjydw3hYPU2YU9t8=
github.com/gabriel-vasile/mimetype v1.4.9 h1:5k+WDwEsD9eTLL8Tz3L0VnmVh9QxGjRmjBvAG7U/oYY=
github.com/gabriel-vasile/mimetype v1.4.9/go.mod h1:WnSQhFKJuBlRyLiKohA/2DtIlPFAbguNaG7QCHcyGok=
github.com/gin-contrib/sse v1.0.0 h1:y3bT1mUWUxDpW4JLQg/HnTqV4rozuW4tC9eFKTxYI9E=
github.com/gin-contrib/sse v1.0.0/go.mod h1:zNuFdwarAygJBht0NTKiSi3jRf6RbqeILZ9Sp6Slhe0=
github.com/gin-contrib/sse v1.1.0 h1:n0w2GMuUpWDVp7qSpvze6fAu9iRxJY4Hmj6AmBOU05w=
github.com/gin-contrib/sse v1.1.0/go.mod h1:hxRZ5gVpWMT7Z0B0gSNYqqsSCNIJMjzvm6fqCz9vjwM=
github.com/gin-gonic/gin v1.10.0 h1:nTuyha1TYqgedzytsKYqna+DfLos46nTv2ygFy86HFU=
github.com/gin-gonic/gin v1.10.0/go.mod h1:4PMNQiOhvDRa013RKVbsiNwoyezlm2rm0uX/T7kzp5Y=
github.com/gin-gonic/gin v1.10.1 h1:T0ujvqyCSqRopADpgPgiTT63DUQVSfojyME59Ei63pQ=
github.com/gin-gonic/gin v1.10.1/go.mod h1:4PMNQiOhvDRa013RKVbsiNwoyezlm2rm0uX/T7kzp5Y=
github.com/go-logr/logr v1.4.2 h1:6pFjapn8bFcIbiKo3XT4j/BhANplGihG6tvd+8rYgrY=
github.com/go-logr/logr v1.4.2/go.mod h1:9T104GzyrTigFIr8wt5mBrctHMim0Nb2HLGrmQ40KvY=
github.com/go-logr/logr v1.4.3 h1:CjnDlHq8ikf6E492q6eKboGOC0T8CDaOvkHCIg8idEI=
github.com/go-logr/logr v1.4.3/go.mod h1:9T104GzyrTigFIr8wt5mBrctHMim0Nb2HLGrmQ40KvY=
github.com/go-openapi/jsonpointer v0.21.1 h1:whnzv/pNXtK2FbX/W9yJfRmE2gsmkfahjMKB0fZvcic=
github.com/go-openapi/jsonpointer v0.21.1/go.mod h1:50I1STOfbY1ycR8jGz8DaMeLCdXiI6aDteEdRNNzpdk=
github.com/go-openapi/jsonreference v0.21.0 h1:Rs+Y7hSXT83Jacb7kFyjn4ijOuVGSvOdF2+tg1TRrwQ=
github.com/go-openapi/jsonreference v0.21.0/go.mod h1:LmZmgsrTkVg9LG4EaHeY8cBDslNPMo06cago5JNLkm4=
github.com/go-openapi/swag v0.23.1 h1:lpsStH0n2ittzTnbaSloVZLuB5+fvSY/+hnagBjSNZU=
github.com/go-openapi/swag v0.23.1/go.mod h1:STZs8TbRvEQQKUA+JZNAm3EWlgaOBGpyFDqQnDHMef0=
github.com/go-playground/assert/v2 v2.2.0 h1:JvknZsQTYeFEAhQwI4qEt9cyV5ONwRHC+lYKSsYSR8s=
github.com/go-playground/assert/v2 v2.2.0/go.mod h1:VDjEfimB/XKnb+ZQfWdccd7VUvScMdVu0Titje2rxJ4=
github.com/go-playground/locales v0.14.1 h1:EWaQ/wswjilfKLTECiXz7Rh+3BjFhfDFKv/oXslEjJA=
github.com/go-playground/locales v0.14.1/go.mod h1:hxrqLVvrK65+Rwrd5Fc6F2O76J/NuW9t0sjnWqG1slY=
github.com/go-playground/universal-translator v0.18.1 h1:Bcnm0ZwsGyWbCzImXv+pAJnYK9S473LQFuzCbDbfSFY=
github.com/go-playground/universal-translator v0.18.1/go.mod h1:xekY+UJKNuX9WP91TpwSH2VMlDf28Uj24BCp08ZFTUY=
github.com/go-playground/validator/v10 v10.26.0 h1:SP05Nqhjcvz81uJaRfEV0YBSSSGMc/iMaVtFbr3Sw2k=
github.com/go-playground/validator/v10 v10.26.0/go.mod h1:I5QpIEbmr8On7W0TktmJAumgzX4CA1XNl4ZmDuVHKKo=
github.com/go-playground/validator/v10 v10.27.0 h1:w8+XrWVMhGkxOaaowyKH35gFydVHOvC0/uWoy2Fzwn4=
github.com/go-playground/validator/v10 v10.27.0/go.mod h1:I5QpIEbmr8On7W0TktmJAumgzX4CA1XNl4ZmDuVHKKo=
github.com/go-task/slim-sprig/v3 v3.0.0 h1:sUs3vkvUymDpBKi3qH1YSqBQk9+9D/8M2mN1vB6EwHI=
github.com/go-task/slim-sprig/v3 v3.0.0/go.mod h1:W848ghGpv3Qj3dhTPRyJypKRiqCdHZiAzKg9hl15HA8=
github.com/goccy/go-json v0.10.5 h1:Fq85nIqj+gXn/S5ahsiTlK3TmC85qgirsdTP/+DeaC4=
github.com/goccy/go-json v0.10.5/go.mod h1:oq7eo15ShAhp70Anwd5lgX2pLfOS3QCiwU/PULtXL6M=
github.com/gogo/protobuf v1.3.2 h1:Ov1cvc58UF3b5XjBnZv7+opcTcQFZebYjWzi34vdm4Q=
github.com/gogo/protobuf v1.3.2/go.mod h1:P1XiOD3dCwIKUDQYPy72D8LYyHL2YPYrpS2s69NZV8Q=
github.com/golang/protobuf v1.5.4 h1:i7eJL8qZTpSEXOPTxNKhASYpMn+8e5Q6AdndVa1dWek=
github.com/golang/protobuf v1.5.4/go.mod h1:lnTiLA8Wa4RWRcIUkrtSVa5nRhsEGBg48fD6rSs7xps=
github.com/google/gnostic-models v0.6.9 h1:MU/8wDLif2qCXZmzncUQ/BOfxWfthHi63KqpoNbWqVw=
github.com/google/gnostic-models v0.6.9/go.mod h1:CiWsm0s6BSQd1hRn8/QmxqB6BesYcbSZxsz9b0KuDBw=
github.com/google/gnostic-models v0.7.0 h1:qwTtogB15McXDaNqTZdzPJRHvaVJlAl+HVQnLmJEJxo=
github.com/google/gnostic-models v0.7.0/go.mod h1:whL5G0m6dmc5cPxKc5bdKdEN3UjI7OUGxBlw57miDrQ=
github.com/google/go-attestation v0.5.1 h1:jqtOrLk5MNdliTKjPbIPrAaRKJaKW+0LIU2n/brJYms=
github.com/google/go-attestation v0.5.1/go.mod h1:KqGatdUhg5kPFkokyzSBDxwSCFyRgIgtRkMp6c3lOBQ=
github.com/google/go-cmp v0.5.9/go.mod h1:17dUlkBOakJ0+DkrSSNjCkIjxS6bF9zb3elmeNGIjoY=
github.com/google/go-cmp v0.7.0 h1:wk8382ETsv4JYUZwIsn6YpYiWiBsYLSJiTsyBybVuN8=
github.com/google/go-cmp v0.7.0/go.mod h1:pXiqmnSA92OHEEa9HXL2W4E7lf9JzCmGVUdgjX3N/iU=
github.com/google/go-tpm v0.9.3 h1:+yx0/anQuGzi+ssRqeD6WpXjW2L/V0dItUayO0i9sRc=
github.com/google/go-tpm v0.9.3/go.mod h1:h9jEsEECg7gtLis0upRBQU+GhYVH6jMjrFxI8u6bVUY=
github.com/google/go-tpm v0.9.5 h1:ocUmnDebX54dnW+MQWGQRbdaAcJELsa6PqZhJ48KwVU=
github.com/google/go-tpm v0.9.5/go.mod h1:h9jEsEECg7gtLis0upRBQU+GhYVH6jMjrFxI8u6bVUY=
github.com/google/gofuzz v1.0.0/go.mod h1:dBl0BpW6vV/+mYPU4Po3pmUjxk6FQPldtuIdl/M65Eg=
github.com/google/gofuzz v1.2.0 h1:xRy4A+RhZaiKjJ1bPfwQ8sedCA+YS2YcCHW6ec7JMi0=
github.com/google/gofuzz v1.2.0/go.mod h1:dBl0BpW6vV/+mYPU4Po3pmUjxk6FQPldtuIdl/M65Eg=
github.com/google/pprof v0.0.0-20250317173921-a4b03ec1a45e h1:ijClszYn+mADRFY17kjQEVQ1XRhq2/JR1M3sGqeJoxs=
github.com/google/pprof v0.0.0-20250317173921-a4b03ec1a45e/go.mod h1:boTsfXsheKC2y+lKOCMpSfarhxDeIzfZG1jqGcPl3cA=
github.com/google/uuid v1.6.0 h1:NIvaJDMOsjHA8n1jAhLSgzrAzy1Hgr+hNrb57e+94F0=
github.com/google/uuid v1.6.0/go.mod h1:TIyPZe4MgqvfeYDBFedMoGGpEw/LqOeaOT+nhxU+yHo=
github.com/josharian/intern v1.0.0 h1:vlS4z54oSdjm0bgjRigI+G1HpF+tI+9rE5LLzOg8HmY=
github.com/josharian/intern v1.0.0/go.mod h1:5DoeVV0s6jJacbCEi61lwdGj/aVlrQvzHFFd8Hwg//Y=
github.com/json-iterator/go v1.1.12 h1:PV8peI4a0ysnczrg+LtxykD8LfKY9ML6u2jnxaEnrnM=
github.com/json-iterator/go v1.1.12/go.mod h1:e30LSqwooZae/UwlEbR2852Gd8hjQvJoHmT4TnhNGBo=
github.com/kisielk/errcheck v1.5.0/go.mod h1:pFxgyoBC7bSaBwPgfKdkLd5X25qrDl4LWUI2bnpBCr8=
github.com/kisielk/gotool v1.0.0/go.mod h1:XhKaO+MFFWcvkIS/tQcRk01m1F5IRFswLeQ+oQHNcck=
github.com/klauspost/cpuid/v2 v2.0.9/go.mod h1:FInQzS24/EEf25PyTYn52gqo7WaD8xa0213Md/qVLRg=
github.com/klauspost/cpuid/v2 v2.2.10 h1:tBs3QSyvjDyFTq3uoc/9xFpCuOsJQFNPiAhYdw2skhE=
github.com/klauspost/cpuid/v2 v2.2.10/go.mod h1:hqwkgyIinND0mEev00jJYCxPNVRVXFQeu1XKlok6oO0=
github.com/klauspost/cpuid/v2 v2.2.11 h1:0OwqZRYI2rFrjS4kvkDnqJkKHdHaRnCm68/DY4OxRzU=
github.com/klauspost/cpuid/v2 v2.2.11/go.mod h1:hqwkgyIinND0mEev00jJYCxPNVRVXFQeu1XKlok6oO0=
github.com/knz/go-libedit v1.10.1/go.mod h1:MZTVkCWyz0oBc7JOWP3wNAzd002ZbM/5hgShxwh4x8M=
github.com/kr/pretty v0.3.1 h1:flRD4NNwYAUpkphVc1HcthR4KEIFJ65n8Mw5qdRn3LE=
github.com/kr/pretty v0.3.1/go.mod h1:hoEshYVHaxMs3cyo3Yncou5ZscifuDolrwPKZanG3xk=
github.com/kr/text v0.2.0 h1:5Nx0Ya0ZqY2ygV366QzturHI13Jq95ApcVaJBhpS+AY=
github.com/kr/text v0.2.0/go.mod h1:eLer722TekiGuMkidMxC/pM04lWEeraHUUmBw8l2grE=
github.com/leodido/go-urn v1.4.0 h1:WT9HwE9SGECu3lg4d/dIA+jxlljEa1/ffXKmRjqdmIQ=
github.com/leodido/go-urn v1.4.0/go.mod h1:bvxc+MVxLKB4z00jd1z+Dvzr47oO32F/QSNjSBOlFxI=
github.com/mailru/easyjson v0.9.0 h1:PrnmzHw7262yW8sTBwxi1PdJA3Iw/EKBa8psRf7d9a4=
github.com/mailru/easyjson v0.9.0/go.mod h1:1+xMtQp2MRNVL/V1bOzuP3aP8VNwRW55fQUto+XFtTU=
github.com/mattn/go-colorable v0.1.14 h1:9A9LHSqF/7dyVVX6g0U9cwm9pG3kP9gSzcuIPHPsaIE=
github.com/mattn/go-colorable v0.1.14/go.mod h1:6LmQG8QLFO4G5z1gPvYEzlUgJ2wF+stgPZH1UqBm1s8=
github.com/mattn/go-isatty v0.0.20 h1:xfD0iDuEKnDkl03q4limB+vH+GxLEtL/jb4xVJSWWEY=
github.com/mattn/go-isatty v0.0.20/go.mod h1:W+V8PltTTMOvKvAeJH7IuucS94S2C6jfK/D7dTCTo3Y=
github.com/modern-go/concurrent v0.0.0-20180228061459-e0a39a4cb421/go.mod h1:6dJC0mAP4ikYIbvyc7fijjWJddQyLn8Ig3JB5CqoB9Q=
github.com/modern-go/concurrent v0.0.0-20180306012644-bacd9c7ef1dd h1:TRLaZ9cD/w8PVh93nsPXa1VrQ6jlwL5oN8l14QlcNfg=
github.com/modern-go/concurrent v0.0.0-20180306012644-bacd9c7ef1dd/go.mod h1:6dJC0mAP4ikYIbvyc7fijjWJddQyLn8Ig3JB5CqoB9Q=
github.com/modern-go/reflect2 v1.0.2 h1:xBagoLtFs94CBntxluKeaWgTMpvLxC4ur3nMaC9Gz0M=
github.com/modern-go/reflect2 v1.0.2/go.mod h1:yWuevngMOJpCy52FWWMvUC8ws7m/LJsjYzDa0/r8luk=
github.com/munnerz/goautoneg v0.0.0-20191010083416-a7dc8b61c822 h1:C3w9PqII01/Oq1c1nUAm88MOHcQC9l5mIlSMApZMrHA=
github.com/munnerz/goautoneg v0.0.0-20191010083416-a7dc8b61c822/go.mod h1:+n7T8mK8HuQTcFwEeznm/DIxMOiR9yIdICNftLE1DvQ=
github.com/ncruces/go-strftime v0.1.9 h1:bY0MQC28UADQmHmaF5dgpLmImcShSi2kHU9XLdhx/f4=
github.com/ncruces/go-strftime v0.1.9/go.mod h1:Fwc5htZGVVkseilnfgOVb9mKy6w1naJmn9CehxcKcls=
github.com/onsi/ginkgo/v2 v2.21.0 h1:7rg/4f3rB88pb5obDgNZrNHrQ4e6WpjonchcpuBRnZM=
github.com/onsi/ginkgo/v2 v2.21.0/go.mod h1:7Du3c42kxCUegi0IImZ1wUQzMBVecgIHjR1C+NkhLQo=
github.com/onsi/gomega v1.35.1 h1:Cwbd75ZBPxFSuZ6T+rN/WCb/gOc6YgFBXLlZLhC7Ds4=
github.com/onsi/gomega v1.35.1/go.mod h1:PvZbdDc8J6XJEpDK4HCuRBm8a6Fzp9/DmhC9C7yFlog=
github.com/pelletier/go-toml/v2 v2.2.3 h1:YmeHyLY8mFWbdkNWwpr+qIL2bEqT0o95WSdkNHvL12M=
github.com/pelletier/go-toml/v2 v2.2.3/go.mod h1:MfCQTFTvCcUyyvvwm1+G6H/jORL20Xlb6rzQu9GuUkc=
github.com/pelletier/go-toml/v2 v2.2.4 h1:mye9XuhQ6gvn5h28+VilKrrPoQVanw5PMw/TB0t5Ec4=
github.com/pelletier/go-toml/v2 v2.2.4/go.mod h1:2gIqNv+qfxSVS7cM2xJQKtLSTLUE9V8t9Stt+h56mCY=
github.com/pkg/errors v0.9.1 h1:FEBLx1zS214owpjy7qsBeixbURkuhQAwrK5UwLGTwt4=
github.com/pkg/errors v0.9.1/go.mod h1:bwawxfHBFNV+L2hUp1rHADufV3IMtnDRdf1r5NINEl0=
github.com/pmezard/go-difflib v1.0.0/go.mod h1:iKH77koFhYxTK1pcRnkKkqfTogsbg7gZNVY4sRDYZ/4=
github.com/pmezard/go-difflib v1.0.1-0.20181226105442-5d4384ee4fb2 h1:Jamvg5psRIccs7FGNTlIRMkT8wgtp5eCXdBlqhYGL6U=
github.com/pmezard/go-difflib v1.0.1-0.20181226105442-5d4384ee4fb2/go.mod h1:iKH77koFhYxTK1pcRnkKkqfTogsbg7gZNVY4sRDYZ/4=
github.com/remyoudompheng/bigfft v0.0.0-20230129092748-24d4a6f8daec h1:W09IVJc94icq4NjY3clb7Lk8O1qJ8BdBEF8z0ibU0rE=
github.com/remyoudompheng/bigfft v0.0.0-20230129092748-24d4a6f8daec/go.mod h1:qqbHyh8v60DhA7CoWK5oRCqLrMHRGoxYCSS9EjAz6Eo=
github.com/rogpeppe/go-internal v1.12.0 h1:exVL4IDcn6na9z1rAb56Vxr+CgyK3nn3O+epU5NdKM8=
github.com/rogpeppe/go-internal v1.12.0/go.mod h1:E+RYuTGaKKdloAfM02xzb0FW3Paa99yedzYV+kq4uf4=
github.com/spf13/pflag v1.0.6 h1:jFzHGLGAlb3ruxLB8MhbI6A8+AQX/2eW4qeyNZXNp2o=
github.com/spf13/pflag v1.0.6/go.mod h1:McXfInJRrz4CZXVZOBLb0bTZqETkiAhM9Iw0y3An2Bg=
github.com/stretchr/objx v0.1.0/go.mod h1:HFkY916IF+rwdDfMAkV7OtwuqBVzrE8GR6GFx+wExME=
github.com/stretchr/objx v0.4.0/go.mod h1:YvHI0jy2hoMjB+UWwv71VJQ9isScKT/TqJzVSSt89Yw=
github.com/stretchr/objx v0.5.0/go.mod h1:Yh+to48EsGEfYuaHDzXPcE3xhTkx73EhmCGUpEOglKo=
github.com/stretchr/objx v0.5.2/go.mod h1:FRsXN1f5AsAjCGJKqEizvkpNtU+EGNCLh3NxZ/8L+MA=
github.com/stretchr/testify v1.3.0/go.mod h1:M5WIy9Dh21IEIfnGCwXGc5bZfKNJtfHm1UVUgZn+9EI=
github.com/stretchr/testify v1.7.0/go.mod h1:6Fq8oRcR53rry900zMqJjRRixrwX3KX962/h/Wwjteg=
github.com/stretchr/testify v1.7.1/go.mod h1:6Fq8oRcR53rry900zMqJjRRixrwX3KX962/h/Wwjteg=
github.com/stretchr/testify v1.8.0/go.mod h1:yNjHg4UonilssWZ8iaSj1OCr/vHnekPRkoO+kdMU+MU=
github.com/stretchr/testify v1.8.1/go.mod h1:w2LPCIKwWwSfY2zedu0+kehJoqGctiVI29o6fzry7u4=
github.com/stretchr/testify v1.8.4/go.mod h1:sz/lmYIOXD/1dqDmKjjqLyZ2RngseejIcXlSw2iwfAo=
github.com/stretchr/testify v1.10.0 h1:Xv5erBjTwe/5IxqUQTdXv5kgmIvbHo3QQyRwhJsOfJA=
github.com/stretchr/testify v1.10.0/go.mod h1:r2ic/lqez/lEtzL7wO/rwa5dbSLXVDPFyf8C91i36aY=
github.com/torsec/k8s-pod-attestation/pkg/cluster_interaction v0.0.0-20250403152149-ce3a08ad84bd h1:jRTTZRzs7QcEpZqbg39A1NiJ0HmMXV6NmuAZFdSPNwU=
github.com/torsec/k8s-pod-attestation/pkg/cluster_interaction v0.0.0-20250403152149-ce3a08ad84bd/go.mod h1:1Gdb5s5FWPZdXSwTeuSDUNSSZT95J118xCGhBtg3qgI=
github.com/torsec/k8s-pod-attestation/pkg/cluster_interaction v0.0.0-20250403164937-61e770fcc362 h1:s58Z8XlX80zumbhqYSblx9C/n96FpRApT8IBk9qU0UI=
github.com/torsec/k8s-pod-attestation/pkg/cluster_interaction v0.0.0-20250403164937-61e770fcc362/go.mod h1:Qd6KDZCSiXGvsKRIp37nhI9j3xpttJ6MOPOHXs4wh4U=
github.com/torsec/k8s-pod-attestation/pkg/cluster_interaction v0.0.0-20250403172554-78c032068c9e h1:IT1+KR2r+t7PjTPRrw5HM/Wntr7P+62KMeTzmgjSUaU=
github.com/torsec/k8s-pod-attestation/pkg/cluster_interaction v0.0.0-20250403172554-78c032068c9e/go.mod h1:7EShWLbbbx0XX7boWt4zKe4f8W4vhxQ4tpVARPBydDM=
github.com/torsec/k8s-pod-attestation/pkg/cluster_interaction v0.0.0-20250403183430-a254280ba7ab h1:TbGnvBBf1TkkMjbOZlpuOX17/ZbFg0I4yGRscuodsyM=
github.com/torsec/k8s-pod-attestation/pkg/cluster_interaction v0.0.0-20250403183430-a254280ba7ab/go.mod h1:9ZeSsAS328Tqr1kOLSe4XHsNduLsR73Iuw2pmbMYiBY=
github.com/torsec/k8s-pod-attestation/pkg/cluster_interaction v0.0.0-20250403190117-fffdb9c9e277 h1:ew3qlMscP3V+A2zk/sXyr0DWXE1shiLR5Ksj6clc9fM=
github.com/torsec/k8s-pod-attestation/pkg/cluster_interaction v0.0.0-20250403190117-fffdb9c9e277/go.mod h1:Zpnb4SAyqXuC6DNd8IiBAPaOp6sTT0bTMhZ++ZQtA9Q=
github.com/torsec/k8s-pod-attestation/pkg/cluster_interaction v0.0.0-20250404095015-3fd4ed1540a6 h1:s5+xQjItIO9sKJBCMypgIvwa2ewmyCQlQe/cYBmjsaM=
github.com/torsec/k8s-pod-attestation/pkg/cluster_interaction v0.0.0-20250404095015-3fd4ed1540a6/go.mod h1:gpFLBfrCh5aAZpYXAnJqD3NPuOMKNVLvWV/SgD6amS0=
github.com/torsec/k8s-pod-attestation/pkg/cluster_interaction v0.0.0-20250404123753-25c5aec292f5 h1:Wwum80VX2AD3zcZyL1VQUM/y2Gf/TJtAMkLIaL7GddE=
github.com/torsec/k8s-pod-attestation/pkg/cluster_interaction v0.0.0-20250404123753-25c5aec292f5/go.mod h1:o8ArKU4fEHI1CjQip1WNOg1ZHVwmVTRTeAciZd+U6UI=
github.com/torsec/k8s-pod-attestation/pkg/cluster_interaction v0.0.0-20250404142040-bb52292f232b h1:1xgYwleuFK6cV/GPHAyYkC1Z6Vnu6Nir2MTGjAj319c=
github.com/torsec/k8s-pod-attestation/pkg/cluster_interaction v0.0.0-20250404142040-bb52292f232b/go.mod h1:zmLmlUKXsnN+cWp4F7/VZn1MAOFwOeF1NTbMT54ZPgo=
github.com/torsec/k8s-pod-attestation/pkg/cluster_interaction v0.0.0-20250404153347-0be6ee71c3d4 h1:I6GGlWfMT8+YCYZW5X8d3VT8j2U9QnunWp3XODUiSUA=
github.com/torsec/k8s-pod-attestation/pkg/cluster_interaction v0.0.0-20250404153347-0be6ee71c3d4/go.mod h1:+8hUqU+O5xWdRKegMsZ+uz7U5rHomEnxkquWKxCRNgo=
github.com/torsec/k8s-pod-attestation/pkg/cluster_interaction v0.0.0-20250404180516-0121e707d6ed h1:lq0S5C4/nZ6q53Ixng6xuiXqIHLRWSRjY9Qz6UYtSVE=
github.com/torsec/k8s-pod-attestation/pkg/cluster_interaction v0.0.0-20250404180516-0121e707d6ed/go.mod h1:yJiOJPPxRSEn1oo1ic9Y6LHUllCi6ag9LhpgodfZ218=
github.com/torsec/k8s-pod-attestation/pkg/cluster_interaction v0.0.0-20250515104439-f713fe636d77 h1:SI7mI079M7t/8j2zIoflIVyiq10CSWsOU/ZhozZ92mc=
github.com/torsec/k8s-pod-attestation/pkg/cluster_interaction v0.0.0-20250515104439-f713fe636d77/go.mod h1:T0LAwaPoJ2UnhMwDynxAUV9KVrgQSyixfNiIoO0XHaM=
github.com/torsec/k8s-pod-attestation/pkg/crypto v0.0.0-20250403152149-ce3a08ad84bd h1:Kqe7dO7gXAKcmKzWfQ45ggtv6c1/0Ggm7i6kPpmgULM=
github.com/torsec/k8s-pod-attestation/pkg/crypto v0.0.0-20250403152149-ce3a08ad84bd/go.mod h1:f8XDMUzg8dq7bxb88ZQ8FOaSL0C45UtVf7XB+Wx5Ows=
github.com/torsec/k8s-pod-attestation/pkg/crypto v0.0.0-20250403164937-61e770fcc362 h1:iaMpegpZwFAGQwX60c83Xh3bikxemdEcK14kAlZhKWE=
github.com/torsec/k8s-pod-attestation/pkg/crypto v0.0.0-20250403164937-61e770fcc362/go.mod h1:F5fad1LBcgCzox6J8q8AoXJczFeODEVR/8w+FuI2TMQ=
github.com/torsec/k8s-pod-attestation/pkg/crypto v0.0.0-20250403172554-78c032068c9e h1:gM68vhjur/94b9DqybA6d/4WFhwGT1qEHctWhndT7nc=
github.com/torsec/k8s-pod-attestation/pkg/crypto v0.0.0-20250403172554-78c032068c9e/go.mod h1:JAeay1xYtlP1yH0DDrA7zXJcQiuk91LgZyd7EHFvgJo=
github.com/torsec/k8s-pod-attestation/pkg/crypto v0.0.0-20250403183430-a254280ba7ab h1:kCo4hRT/+10AH53UlrNs7/9YWrGU9QgUMMN619ZPfvg=
github.com/torsec/k8s-pod-attestation/pkg/crypto v0.0.0-20250403183430-a254280ba7ab/go.mod h1:DuK/3T+/rnpz5LZUsmffnTmx8sqG+ZznOiEmR63rDLQ=
github.com/torsec/k8s-pod-attestation/pkg/crypto v0.0.0-20250403190117-fffdb9c9e277 h1:ZwiSI4AVjU6zOnqgg4jBtu3JtSfpMDRkbOR1PEgvepk=
github.com/torsec/k8s-pod-attestation/pkg/crypto v0.0.0-20250403190117-fffdb9c9e277/go.mod h1:DuK/3T+/rnpz5LZUsmffnTmx8sqG+ZznOiEmR63rDLQ=
github.com/torsec/k8s-pod-attestation/pkg/crypto v0.0.0-20250404110210-30a8546646d9 h1:hIrKQnLOT6W/rlmiDMCdjUe+QT7RWKETi3izU+ivAXU=
github.com/torsec/k8s-pod-attestation/pkg/crypto v0.0.0-20250404110210-30a8546646d9/go.mod h1:OlewKekzyfg6fLl4UPcjBFOWAs2R31Gl/O8Om58De04=
github.com/torsec/k8s-pod-attestation/pkg/crypto v0.0.0-20250404123753-25c5aec292f5 h1:/uZhcZ9XSKp9f07j652TTYBHTyhT4zNEZXyd8myz8pw=
github.com/torsec/k8s-pod-attestation/pkg/crypto v0.0.0-20250404123753-25c5aec292f5/go.mod h1:OlewKekzyfg6fLl4UPcjBFOWAs2R31Gl/O8Om58De04=
github.com/torsec/k8s-pod-attestation/pkg/crypto v0.0.0-20250404142040-bb52292f232b h1:feiw/rP767soaqVD3VTYOA5pnB1K3uVhniMxy7p1KKc=
github.com/torsec/k8s-pod-attestation/pkg/crypto v0.0.0-20250404142040-bb52292f232b/go.mod h1:tHKd/4Dr6KaaBbYwbANiMRx9sjzomMdKgr7AQxON6yw=
github.com/torsec/k8s-pod-attestation/pkg/crypto v0.0.0-20250404153347-0be6ee71c3d4 h1:OjoSQrFUYXYnyMfdmX35LSSl2CzAL0F6VuAtsPM0rKU=
github.com/torsec/k8s-pod-attestation/pkg/crypto v0.0.0-20250404153347-0be6ee71c3d4/go.mod h1:bK0H7fGZna2ek14REv0usvmMQiejfvz2/cml8I7MwN8=
github.com/torsec/k8s-pod-attestation/pkg/crypto v0.0.0-20250404180516-0121e707d6ed h1:7II/3ayil94M2NRxYhxQb+lW5LLwaGkrlLen/zdTBJc=
github.com/torsec/k8s-pod-attestation/pkg/crypto v0.0.0-20250404180516-0121e707d6ed/go.mod h1:Nlbva7XfUEUNgn2iEVCUWQXIzZA9cg94Vo/vUKPNDMc=
github.com/torsec/k8s-pod-attestation/pkg/crypto v0.0.0-20250515104439-f713fe636d77 h1:KI0u99SQFxPUI5vxVciMCDUU6jLKFsDfjJBhU18J6og=
github.com/torsec/k8s-pod-attestation/pkg/crypto v0.0.0-20250515104439-f713fe636d77/go.mod h1:PGvDc9xIbkCD+mvBfQbzE5DuDuhFNiO2xrsQg5XTwmU=
github.com/torsec/k8s-pod-attestation/pkg/logger v0.0.0-20250403152149-ce3a08ad84bd h1:1JI8m7EIlU8hQfX05kyBnJ5nE4XBaI2Pd+oOgRMX30M=
github.com/torsec/k8s-pod-attestation/pkg/logger v0.0.0-20250403152149-ce3a08ad84bd/go.mod h1:ZFwzdtvry6L00T1EBbo3D1Sj3Ktj10VhtXqsuuBaQcI=
github.com/torsec/k8s-pod-attestation/pkg/logger v0.0.0-20250403163200-8a718ec919da h1:0/ycVRqqB/nJA+lfIOZVHSTqgOfeWy1KF2IenQNFVBM=
github.com/torsec/k8s-pod-attestation/pkg/logger v0.0.0-20250403163200-8a718ec919da/go.mod h1:ZFwzdtvry6L00T1EBbo3D1Sj3Ktj10VhtXqsuuBaQcI=
github.com/torsec/k8s-pod-attestation/pkg/logger v0.0.0-20250403164937-61e770fcc362 h1:Bi4la3PnVgd1dx7XqvffoTKIebSl0G2wonvzH4Yplxg=
github.com/torsec/k8s-pod-attestation/pkg/logger v0.0.0-20250403164937-61e770fcc362/go.mod h1:ZFwzdtvry6L00T1EBbo3D1Sj3Ktj10VhtXqsuuBaQcI=
github.com/torsec/k8s-pod-attestation/pkg/logger v0.0.0-20250403172153-b211a62d1e84 h1:g63QEPMLr/e4sdqLOwYAuySU8e+1FxoWq4+whkvKqaQ=
github.com/torsec/k8s-pod-attestation/pkg/logger v0.0.0-20250403172153-b211a62d1e84/go.mod h1:ZFwzdtvry6L00T1EBbo3D1Sj3Ktj10VhtXqsuuBaQcI=
github.com/torsec/k8s-pod-attestation/pkg/logger v0.0.0-20250403172554-78c032068c9e h1:7z8tt0g6UugBG07t6iEZuJqz0VtuovIQTav6CuaVZa0=
github.com/torsec/k8s-pod-attestation/pkg/logger v0.0.0-20250403172554-78c032068c9e/go.mod h1:ZFwzdtvry6L00T1EBbo3D1Sj3Ktj10VhtXqsuuBaQcI=
github.com/torsec/k8s-pod-attestation/pkg/logger v0.0.0-20250403183430-a254280ba7ab h1:7z1IFNJ77AZJER9Xl3HTld4WfZJ9bEojRIMTAkSeOBQ=
github.com/torsec/k8s-pod-attestation/pkg/logger v0.0.0-20250403183430-a254280ba7ab/go.mod h1:ZFwzdtvry6L00T1EBbo3D1Sj3Ktj10VhtXqsuuBaQcI=
github.com/torsec/k8s-pod-attestation/pkg/logger v0.0.0-20250403190117-fffdb9c9e277 h1:jVipxKjEwP3nbFXuLFucUun8TpsjS2mVXZ9vIwLVKxo=
github.com/torsec/k8s-pod-attestation/pkg/logger v0.0.0-20250403190117-fffdb9c9e277/go.mod h1:ZFwzdtvry6L00T1EBbo3D1Sj3Ktj10VhtXqsuuBaQcI=
github.com/torsec/k8s-pod-attestation/pkg/logger v0.0.0-20250404095015-3fd4ed1540a6 h1:V8BdqaOTDbjhsa9Z9MERLBANz3vRo+5J6DM4bC8xAYQ=
github.com/torsec/k8s-pod-attestation/pkg/logger v0.0.0-20250404095015-3fd4ed1540a6/go.mod h1:ZFwzdtvry6L00T1EBbo3D1Sj3Ktj10VhtXqsuuBaQcI=
github.com/torsec/k8s-pod-attestation/pkg/logger v0.0.0-20250404110210-30a8546646d9 h1:6gfmszPY/pa7KgNX3oFBWB6lznKDwsMocOMyPQwJMWc=
github.com/torsec/k8s-pod-attestation/pkg/logger v0.0.0-20250404110210-30a8546646d9/go.mod h1:ZFwzdtvry6L00T1EBbo3D1Sj3Ktj10VhtXqsuuBaQcI=
github.com/torsec/k8s-pod-attestation/pkg/logger v0.0.0-20250404123753-25c5aec292f5 h1:P53/7BGbmM2hC4GIgzIGsAn0QbMcjEZWvsWucamptho=
github.com/torsec/k8s-pod-attestation/pkg/logger v0.0.0-20250404123753-25c5aec292f5/go.mod h1:ZFwzdtvry6L00T1EBbo3D1Sj3Ktj10VhtXqsuuBaQcI=
github.com/torsec/k8s-pod-attestation/pkg/logger v0.0.0-20250404142040-bb52292f232b h1:rOh/lEw3rco8SUVX7YQdmV024y8WBIRDn87nojj1zjY=
github.com/torsec/k8s-pod-attestation/pkg/logger v0.0.0-20250404142040-bb52292f232b/go.mod h1:ZFwzdtvry6L00T1EBbo3D1Sj3Ktj10VhtXqsuuBaQcI=
github.com/torsec/k8s-pod-attestation/pkg/logger v0.0.0-20250404153347-0be6ee71c3d4 h1:ieBjIWQEZ32OJ0394Yg0oEXpUZYo/XhEgaVmVPN2y9k=
github.com/torsec/k8s-pod-attestation/pkg/logger v0.0.0-20250404153347-0be6ee71c3d4/go.mod h1:ZFwzdtvry6L00T1EBbo3D1Sj3Ktj10VhtXqsuuBaQcI=
github.com/torsec/k8s-pod-attestation/pkg/logger v0.0.0-20250404173651-f61ca7439997 h1:YMRCNN3DusNRuJUHU5sWmGp3xNBABMq19PplsoGEV/w=
github.com/torsec/k8s-pod-attestation/pkg/logger v0.0.0-20250404173651-f61ca7439997/go.mod h1:ZFwzdtvry6L00T1EBbo3D1Sj3Ktj10VhtXqsuuBaQcI=
github.com/torsec/k8s-pod-attestation/pkg/logger v0.0.0-20250404180516-0121e707d6ed h1:wXfaN9lPtyWW+wJ+SGt7AfWt6nuF+FdRXukeIMxCND4=
github.com/torsec/k8s-pod-attestation/pkg/logger v0.0.0-20250404180516-0121e707d6ed/go.mod h1:ZFwzdtvry6L00T1EBbo3D1Sj3Ktj10VhtXqsuuBaQcI=
github.com/torsec/k8s-pod-attestation/pkg/logger v0.0.0-20250404201118-c054ee26870b h1:roLpc2G/fwMnF8TdnsdmRfMu8iFMaOI9sRvYqfUlNU8=
github.com/torsec/k8s-pod-attestation/pkg/logger v0.0.0-20250404201118-c054ee26870b/go.mod h1:ZFwzdtvry6L00T1EBbo3D1Sj3Ktj10VhtXqsuuBaQcI=
github.com/torsec/k8s-pod-attestation/pkg/logger v0.0.0-20250515104439-f713fe636d77 h1:VPYQ9IESNC39uxtxnp60phKdxO5QHDgOT/wUCBvyEgI=
github.com/torsec/k8s-pod-attestation/pkg/logger v0.0.0-20250515104439-f713fe636d77/go.mod h1:Xez5RlH5yANYH60V5+BMu+I8NQLZ01/cfLLv7m3pfuY=
github.com/torsec/k8s-pod-attestation/pkg/model v0.0.0-20250403152149-ce3a08ad84bd h1:CyN3vArmg+FJvIT4YdlxtfV7zW5Ob5I6tE6U825o2TU=
github.com/torsec/k8s-pod-attestation/pkg/model v0.0.0-20250403152149-ce3a08ad84bd/go.mod h1:xuCsD8+9JfcbUVeXbd0KS9hnVMJA0ZB3Az3/33zRxDA=
github.com/torsec/k8s-pod-attestation/pkg/model v0.0.0-20250403163428-951693da0747 h1:mmY1IwasWCTzbHhQ4j7tou/+HJg7hMTmoer+4H26fyo=
github.com/torsec/k8s-pod-attestation/pkg/model v0.0.0-20250403163428-951693da0747/go.mod h1:xuCsD8+9JfcbUVeXbd0KS9hnVMJA0ZB3Az3/33zRxDA=
github.com/torsec/k8s-pod-attestation/pkg/model v0.0.0-20250403164937-61e770fcc362 h1:gmwKIVW9ovdvfZrDi0jMOPDqLgxIJCqj/su9zvYk2WE=
github.com/torsec/k8s-pod-attestation/pkg/model v0.0.0-20250403164937-61e770fcc362/go.mod h1:xuCsD8+9JfcbUVeXbd0KS9hnVMJA0ZB3Az3/33zRxDA=
github.com/torsec/k8s-pod-attestation/pkg/model v0.0.0-20250403172554-78c032068c9e h1:KiUphhSyAUf6n76VscnJ4WR6kpTSr55rMiTYbr7G/LM=
github.com/torsec/k8s-pod-attestation/pkg/model v0.0.0-20250403172554-78c032068c9e/go.mod h1:xuCsD8+9JfcbUVeXbd0KS9hnVMJA0ZB3Az3/33zRxDA=
github.com/torsec/k8s-pod-attestation/pkg/model v0.0.0-20250403183430-a254280ba7ab h1:Jwgq1dL9nTIStn12a977HyXRaW3Tp7T/RyCATFAtR14=
github.com/torsec/k8s-pod-attestation/pkg/model v0.0.0-20250403183430-a254280ba7ab/go.mod h1:xuCsD8+9JfcbUVeXbd0KS9hnVMJA0ZB3Az3/33zRxDA=
github.com/torsec/k8s-pod-attestation/pkg/model v0.0.0-20250403190117-fffdb9c9e277 h1:fsVF0WsCiq+xZWUv7FobjrKUKLCNjo6rzSqz9+dxQ3c=
github.com/torsec/k8s-pod-attestation/pkg/model v0.0.0-20250403190117-fffdb9c9e277/go.mod h1:xuCsD8+9JfcbUVeXbd0KS9hnVMJA0ZB3Az3/33zRxDA=
github.com/torsec/k8s-pod-attestation/pkg/model v0.0.0-20250404095015-3fd4ed1540a6 h1:dowigTVyeSnHgunROXAbl6zcPIJxF7Imb6ZsGinif80=
github.com/torsec/k8s-pod-attestation/pkg/model v0.0.0-20250404095015-3fd4ed1540a6/go.mod h1:xuCsD8+9JfcbUVeXbd0KS9hnVMJA0ZB3Az3/33zRxDA=
github.com/torsec/k8s-pod-attestation/pkg/model v0.0.0-20250404110210-30a8546646d9 h1:9eK9tdq07sfP+SCsUpvKaNFsDgu87AcQbqutc4C+zuU=
github.com/torsec/k8s-pod-attestation/pkg/model v0.0.0-20250404110210-30a8546646d9/go.mod h1:xuCsD8+9JfcbUVeXbd0KS9hnVMJA0ZB3Az3/33zRxDA=
github.com/torsec/k8s-pod-attestation/pkg/model v0.0.0-20250404123753-25c5aec292f5 h1:4Vx6oaRSTrpbOMLTtrR+yBINXhiASKquQKjIQ/F455k=
github.com/torsec/k8s-pod-attestation/pkg/model v0.0.0-20250404123753-25c5aec292f5/go.mod h1:xuCsD8+9JfcbUVeXbd0KS9hnVMJA0ZB3Az3/33zRxDA=
github.com/torsec/k8s-pod-attestation/pkg/model v0.0.0-20250404142040-bb52292f232b h1:dMLpWmAHjlSqoEw19T42UGhCJG+cTm8WctW57osK2EM=
github.com/torsec/k8s-pod-attestation/pkg/model v0.0.0-20250404142040-bb52292f232b/go.mod h1:xuCsD8+9JfcbUVeXbd0KS9hnVMJA0ZB3Az3/33zRxDA=
github.com/torsec/k8s-pod-attestation/pkg/model v0.0.0-20250404153347-0be6ee71c3d4 h1:t//HZEiOKX/BK78AVZaBOtnqm2c5Kh7f2690ESBgoak=
github.com/torsec/k8s-pod-attestation/pkg/model v0.0.0-20250404153347-0be6ee71c3d4/go.mod h1:xuCsD8+9JfcbUVeXbd0KS9hnVMJA0ZB3Az3/33zRxDA=
github.com/torsec/k8s-pod-attestation/pkg/model v0.0.0-20250404173651-f61ca7439997 h1:5HRlbY+03TOB14D7t1hZE0mIdgar7tNjk2qgscwfRH8=
github.com/torsec/k8s-pod-attestation/pkg/model v0.0.0-20250404173651-f61ca7439997/go.mod h1:xuCsD8+9JfcbUVeXbd0KS9hnVMJA0ZB3Az3/33zRxDA=
github.com/torsec/k8s-pod-attestation/pkg/model v0.0.0-20250404180516-0121e707d6ed h1:zhTmqXqOHxuNgALTuu07BOfJuLPwh1By0wphQusN1t8=
github.com/torsec/k8s-pod-attestation/pkg/model v0.0.0-20250404180516-0121e707d6ed/go.mod h1:xuCsD8+9JfcbUVeXbd0KS9hnVMJA0ZB3Az3/33zRxDA=
github.com/torsec/k8s-pod-attestation/pkg/model v0.0.0-20250515104439-f713fe636d77 h1:iQpX3LHQS9VisXsYoKuYlBeG2Ha59gOLm9HtHINLtY8=
github.com/torsec/k8s-pod-attestation/pkg/model v0.0.0-20250515104439-f713fe636d77/go.mod h1:xuCsD8+9JfcbUVeXbd0KS9hnVMJA0ZB3Az3/33zRxDA=
github.com/torsec/k8s-pod-attestation/pkg/registrar v0.0.0-20250403152149-ce3a08ad84bd h1:LBxzLzWaVfjZUBXtMv0uAqjr5sikHpU0IgLJVrD/9AU=
github.com/torsec/k8s-pod-attestation/pkg/registrar v0.0.0-20250403152149-ce3a08ad84bd/go.mod h1:0UwCNbATpnbjemEe7l6XFY3fC10/WoNmN/yyhRKE/Co=
github.com/torsec/k8s-pod-attestation/pkg/registrar v0.0.0-20250403163428-951693da0747 h1:EM1cnJGZxv7hx7KkFwAtnkOAra16b7PdR5y25CPZO8Q=
github.com/torsec/k8s-pod-attestation/pkg/registrar v0.0.0-20250403163428-951693da0747/go.mod h1:0UwCNbATpnbjemEe7l6XFY3fC10/WoNmN/yyhRKE/Co=
github.com/torsec/k8s-pod-attestation/pkg/registrar v0.0.0-20250403164937-61e770fcc362 h1:0uBWg78h06eG7jyNBKadmS2YXIeGDRdpZ04tw6NkVWQ=
github.com/torsec/k8s-pod-attestation/pkg/registrar v0.0.0-20250403164937-61e770fcc362/go.mod h1:f3krr4AxRduPSoUslrMq+2B8rQ8N0HokwiV8VmXWcKE=
github.com/torsec/k8s-pod-attestation/pkg/registrar v0.0.0-20250403172153-b211a62d1e84 h1:2ZUzunRYA5CObwGNqkVxpxV1MjFcx5a3uInMa5Oe/vk=
github.com/torsec/k8s-pod-attestation/pkg/registrar v0.0.0-20250403172153-b211a62d1e84/go.mod h1:f3krr4AxRduPSoUslrMq+2B8rQ8N0HokwiV8VmXWcKE=
github.com/torsec/k8s-pod-attestation/pkg/registrar v0.0.0-20250403172554-78c032068c9e h1:Bj3hC2oAHhlGeiNlrtAi/9wFHStHImRJSDYbCR1376A=
github.com/torsec/k8s-pod-attestation/pkg/registrar v0.0.0-20250403172554-78c032068c9e/go.mod h1:9eLrZFD6+UylpXF+goo8lQFiRHHHY7YZiNPa2o5orlQ=
github.com/torsec/k8s-pod-attestation/pkg/registrar v0.0.0-20250403183430-a254280ba7ab h1:zvVvWUO1N5h6iF8RSac0p1dq0t+XV+F1PaoaiBv1rQs=
github.com/torsec/k8s-pod-attestation/pkg/registrar v0.0.0-20250403183430-a254280ba7ab/go.mod h1:ErPDpRt+0H7F4NgUcfZoB0L5VP5n4U6ucpSmnuPsJFA=
github.com/torsec/k8s-pod-attestation/pkg/registrar v0.0.0-20250403190117-fffdb9c9e277 h1:poWerq9BebiDvpN2aMhavmR5W/tb2v6MMhsKHaB+5qc=
github.com/torsec/k8s-pod-attestation/pkg/registrar v0.0.0-20250403190117-fffdb9c9e277/go.mod h1:7zwOX3qD75TuzkGhixPciOg+JBH+dchUWa7TMCtsGBg=
github.com/torsec/k8s-pod-attestation/pkg/registrar v0.0.0-20250404095015-3fd4ed1540a6 h1:/7eICH680NTqmJEzmzdl+A0O/zKIFQoa5/Eu8o6nrlg=
github.com/torsec/k8s-pod-attestation/pkg/registrar v0.0.0-20250404095015-3fd4ed1540a6/go.mod h1:uadWi8g67avO10r93LMCWeG/fmQWTBMWnpWepohz3Fw=
github.com/torsec/k8s-pod-attestation/pkg/registrar v0.0.0-20250404110210-30a8546646d9 h1:/Y4i9ApaJNdkE08sxHVss6JIThaFvZEDC3xL5yan1AM=
github.com/torsec/k8s-pod-attestation/pkg/registrar v0.0.0-20250404110210-30a8546646d9/go.mod h1:evPElHL/UeaTz8ksCxuedfUwiyV2GtP87dyURsMiQfs=
github.com/torsec/k8s-pod-attestation/pkg/registrar v0.0.0-20250404123753-25c5aec292f5 h1:Bg1xE+ATyjB0TzLsJ4x2uV0C1hbhOyOHNBbdjGzmW6c=
github.com/torsec/k8s-pod-attestation/pkg/registrar v0.0.0-20250404123753-25c5aec292f5/go.mod h1:evPElHL/UeaTz8ksCxuedfUwiyV2GtP87dyURsMiQfs=
github.com/torsec/k8s-pod-attestation/pkg/registrar v0.0.0-20250404142040-bb52292f232b h1:SVSrBF+tK5TGDM3lGZUv0/jl/Y1Rx2WcUYsRBTPsUvk=
github.com/torsec/k8s-pod-attestation/pkg/registrar v0.0.0-20250404142040-bb52292f232b/go.mod h1:75lz1e1m30fyQUmik8DrEvxVWp6acaBuBLHhBLUkbQE=
github.com/torsec/k8s-pod-attestation/pkg/registrar v0.0.0-20250404153347-0be6ee71c3d4 h1:+UOnNmPnwMriByS4FKVtCvgWhMspuAmVAfwLtaO+xWg=
github.com/torsec/k8s-pod-attestation/pkg/registrar v0.0.0-20250404153347-0be6ee71c3d4/go.mod h1:50BxacOH3XFEWdpenwVa7/5dCnsqdfG/nvud+nrL/Wc=
github.com/torsec/k8s-pod-attestation/pkg/registrar v0.0.0-20250404173651-f61ca7439997 h1:/zS+dcOfjaHT+yrgnqtKGi+IWfof39bq9K4A0pSVw8E=
github.com/torsec/k8s-pod-attestation/pkg/registrar v0.0.0-20250404173651-f61ca7439997/go.mod h1:/bmzKqc51EWEyXXbmZ/ojrgR1Yefe1ZySAe19WhQGnk=
github.com/torsec/k8s-pod-attestation/pkg/registrar v0.0.0-20250404180516-0121e707d6ed h1:0d59i+eegxWroVx8U9Kyh3mN2n0Xz2j+mE66Y185RIQ=
github.com/torsec/k8s-pod-attestation/pkg/registrar v0.0.0-20250404180516-0121e707d6ed/go.mod h1:XSiymuF9LoTa/3khho4k9AQkpBI9kuIWulTsd1r2aUU=
github.com/torsec/k8s-pod-attestation/pkg/registrar v0.0.0-20250515104439-f713fe636d77 h1:/khtDhbFh58JvPcuMSLbM+HMos9gtyGUz14/vAdX8RA=
github.com/torsec/k8s-pod-attestation/pkg/registrar v0.0.0-20250515104439-f713fe636d77/go.mod h1:FWDjrf/9QdhXBmLLMEkmWLBNxSAS7M/dq4ClcKMmI5k=
github.com/twitchyliquid64/golang-asm v0.15.1 h1:SU5vSMR7hnwNxj24w34ZyCi/FmDZTkS4MhqMhdFk5YI=
github.com/twitchyliquid64/golang-asm v0.15.1/go.mod h1:a1lVb/DtPvCB8fslRZhAngC2+aY1QWCk3Cedj/Gdt08=
github.com/ugorji/go/codec v1.2.12 h1:9LC83zGrHhuUA9l16C9AHXAqEV/2wBQ4nkvumAE65EE=
github.com/ugorji/go/codec v1.2.12/go.mod h1:UNopzCgEMSXjBc6AOMqYvWC1ktqTAfzJZUZgYf6w6lg=
github.com/ugorji/go/codec v1.3.0 h1:Qd2W2sQawAfG8XSvzwhBeoGq71zXOC/Q1E9y/wUcsUA=
github.com/ugorji/go/codec v1.3.0/go.mod h1:pRBVtBSKl77K30Bv8R2P+cLSGaTtex6fsA2Wjqmfxj4=
github.com/x448/float16 v0.8.4 h1:qLwI1I70+NjRFUR3zs1JPUCgaCXSh3SW62uAKT1mSBM=
github.com/x448/float16 v0.8.4/go.mod h1:14CWIYCyZA/cWjXOioeEpHeN/83MdbZDRQHoFcYsOfg=
github.com/yuin/goldmark v1.1.27/go.mod h1:3hX8gzYuyVAZsxl0MRgGTJEmQBFcNTphYh9decYSb74=
github.com/yuin/goldmark v1.2.1/go.mod h1:3hX8gzYuyVAZsxl0MRgGTJEmQBFcNTphYh9decYSb74=
go.yaml.in/yaml/v2 v2.4.2 h1:DzmwEr2rDGHl7lsFgAHxmNz/1NlQ7xLIrlN2h5d1eGI=
go.yaml.in/yaml/v2 v2.4.2/go.mod h1:081UH+NErpNdqlCXm3TtEran0rJZGxAYx9hb/ELlsPU=
go.yaml.in/yaml/v3 v3.0.4 h1:tfq32ie2Jv2UxXFdLJdh3jXuOzWiL1fo0bu/FbuKpbc=
go.yaml.in/yaml/v3 v3.0.4/go.mod h1:DhzuOOF2ATzADvBadXxruRBLzYTpT36CKvDb3+aBEFg=
golang.org/x/arch v0.15.0 h1:QtOrQd0bTUnhNVNndMpLHNWrDmYzZ2KDqSrEymqInZw=
golang.org/x/arch v0.15.0/go.mod h1:JmwW7aLIoRUKgaTzhkiEFxvcEiQGyOg9BMonBJUS7EE=
golang.org/x/arch v0.18.0 h1:WN9poc33zL4AzGxqf8VtpKUnGvMi8O9lhNyBMF/85qc=
golang.org/x/arch v0.18.0/go.mod h1:bdwinDaKcfZUGpH09BB7ZmOfhalA8lQdzl62l8gGWsk=
golang.org/x/crypto v0.0.0-20190308221718-c2843e01d9a2/go.mod h1:djNgcEr1/C05ACkg1iLfiJU5Ep61QUkGW8qpdssI0+w=
golang.org/x/crypto v0.0.0-20191011191535-87dc89f01550/go.mod h1:yigFU9vqHzYiE8UmvKecakEJjdnWj3jj499lnFckfCI=
golang.org/x/crypto v0.0.0-20200622213623-75b288015ac9/go.mod h1:LzIPMQfyMNhhGPhUkYOs5KpL4U8rLKemX1yGLhDgUto=
golang.org/x/crypto v0.36.0 h1:AnAEvhDddvBdpY+uR+MyHmuZzzNqXSe/GvuDeob5L34=
golang.org/x/crypto v0.36.0/go.mod h1:Y4J0ReaxCR1IMaabaSMugxJES1EpwhBHhv2bDHklZvc=
golang.org/x/crypto v0.39.0 h1:SHs+kF4LP+f+p14esP5jAoDpHU8Gu/v9lFRK6IT5imM=
golang.org/x/crypto v0.39.0/go.mod h1:L+Xg3Wf6HoL4Bn4238Z6ft6KfEpN0tJGo53AAPC632U=
golang.org/x/exp v0.0.0-20250305212735-054e65f0b394 h1:nDVHiLt8aIbd/VzvPWN6kSOPE7+F/fNFDSXLVYkE/Iw=
golang.org/x/exp v0.0.0-20250305212735-054e65f0b394/go.mod h1:sIifuuw/Yco/y6yb6+bDNfyeQ/MdPUy/hKEMYQV17cM=
golang.org/x/exp v0.0.0-20250620022241-b7579e27df2b h1:M2rDM6z3Fhozi9O7NWsxAkg/yqS/lQJ6PmkyIV3YP+o=
golang.org/x/exp v0.0.0-20250620022241-b7579e27df2b/go.mod h1:3//PLf8L/X+8b4vuAfHzxeRUl04Adcb341+IGKfnqS8=
golang.org/x/mod v0.2.0/go.mod h1:s0Qsj1ACt9ePp/hMypM3fl4fZqREWJwdYDEqhRiZZUA=
golang.org/x/mod v0.3.0/go.mod h1:s0Qsj1ACt9ePp/hMypM3fl4fZqREWJwdYDEqhRiZZUA=
golang.org/x/mod v0.24.0 h1:ZfthKaKaT4NrhGVZHO1/WDTwGES4De8KtWO0SIbNJMU=
golang.org/x/mod v0.24.0/go.mod h1:IXM97Txy2VM4PJ3gI61r1YEk/gAj6zAHN3AdZt6S9Ww=
golang.org/x/net v0.0.0-20190404232315-eb5bcb51f2a3/go.mod h1:t9HGtf8HONx5eT2rtn7q6eTqICYqUVnKs3thJo3Qplg=
golang.org/x/net v0.0.0-20190620200207-3b0461eec859/go.mod h1:z5CRVTTTmAJ677TzLLGU+0bjPO0LkuOLi4/5GtJWs/s=
golang.org/x/net v0.0.0-20200226121028-0de0cce0169b/go.mod h1:z5CRVTTTmAJ677TzLLGU+0bjPO0LkuOLi4/5GtJWs/s=
golang.org/x/net v0.0.0-20201021035429-f5854403a974/go.mod h1:sp8m0HH+o8qH0wwXwYZr8TS3Oi6o0r6Gce1SSxlDquU=
golang.org/x/net v0.38.0 h1:vRMAPTMaeGqVhG5QyLJHqNDwecKTomGeqbnfZyKlBI8=
golang.org/x/net v0.38.0/go.mod h1:ivrbrMbzFq5J41QOQh0siUuly180yBYtLp+CKbEaFx8=
golang.org/x/net v0.41.0 h1:vBTly1HeNPEn3wtREYfy4GZ/NECgw2Cnl+nK6Nz3uvw=
golang.org/x/net v0.41.0/go.mod h1:B/K4NNqkfmg07DQYrbwvSluqCJOOXwUjeb/5lOisjbA=
golang.org/x/oauth2 v0.28.0 h1:CrgCKl8PPAVtLnU3c+EDw6x11699EWlsDeWNWKdIOkc=
golang.org/x/oauth2 v0.28.0/go.mod h1:onh5ek6nERTohokkhCD/y2cV4Do3fxFHFuAejCkRWT8=
golang.org/x/oauth2 v0.30.0 h1:dnDm7JmhM45NNpd8FDDeLhK6FwqbOf4MLCM9zb1BOHI=
golang.org/x/oauth2 v0.30.0/go.mod h1:B++QgG3ZKulg6sRPGD/mqlHQs5rB3Ml9erfeDY7xKlU=
golang.org/x/sync v0.0.0-20190423024810-112230192c58/go.mod h1:RxMgew5VJxzue5/jJTE5uejpjVlOe/izrB70Jof72aM=
golang.org/x/sync v0.0.0-20190911185100-cd5d95a43a6e/go.mod h1:RxMgew5VJxzue5/jJTE5uejpjVlOe/izrB70Jof72aM=
golang.org/x/sync v0.0.0-20201020160332-67f06af15bc9/go.mod h1:RxMgew5VJxzue5/jJTE5uejpjVlOe/izrB70Jof72aM=
golang.org/x/sync v0.12.0 h1:MHc5BpPuC30uJk597Ri8TV3CNZcTLu6B6z4lJy+g6Jw=
golang.org/x/sync v0.12.0/go.mod h1:1dzgHSNfp02xaA81J2MS99Qcpr2w7fw1gpm99rleRqA=
golang.org/x/sys v0.0.0-20190215142949-d0b11bdaac8a/go.mod h1:STP8DvDyc/dI5b8T5hshtkjS+E42TnysNCUPdjciGhY=
golang.org/x/sys v0.0.0-20190412213103-97732733099d/go.mod h1:h1NjWce9XRLGQEsW7wpKNCjG9DtNlClVuFLEZdDNbEs=
golang.org/x/sys v0.0.0-20200930185726-fdedc70b468f/go.mod h1:h1NjWce9XRLGQEsW7wpKNCjG9DtNlClVuFLEZdDNbEs=
golang.org/x/sys v0.6.0/go.mod h1:oPkhp1MJrh7nUepCBck5+mAzfO9JrbApNNgaTdGDITg=
golang.org/x/sys v0.31.0 h1:ioabZlmFYtWhL+TRYpcnNlLwhyxaM9kWTDEmfnprqik=
golang.org/x/sys v0.31.0/go.mod h1:BJP2sWEmIv4KK5OTEluFJCKSidICx8ciO85XgH3Ak8k=
golang.org/x/sys v0.33.0 h1:q3i8TbbEz+JRD9ywIRlyRAQbM0qF7hu24q3teo2hbuw=
golang.org/x/sys v0.33.0/go.mod h1:BJP2sWEmIv4KK5OTEluFJCKSidICx8ciO85XgH3Ak8k=
golang.org/x/term v0.30.0 h1:PQ39fJZ+mfadBm0y5WlL4vlM7Sx1Hgf13sMIY2+QS9Y=
golang.org/x/term v0.30.0/go.mod h1:NYYFdzHoI5wRh/h5tDMdMqCqPJZEuNqVR5xJLd/n67g=
golang.org/x/term v0.32.0 h1:DR4lr0TjUs3epypdhTOkMmuF5CDFJ/8pOnbzMZPQ7bg=
golang.org/x/term v0.32.0/go.mod h1:uZG1FhGx848Sqfsq4/DlJr3xGGsYMu/L5GW4abiaEPQ=
golang.org/x/text v0.3.0/go.mod h1:NqM8EUOU14njkJ3fqMW+pc6Ldnwhi/IjpwHt7yyuwOQ=
golang.org/x/text v0.3.3/go.mod h1:5Zoc/QRtKVWzQhOtBMvqHzDpF6irO9z98xDceosuGiQ=
golang.org/x/text v0.23.0 h1:D71I7dUrlY+VX0gQShAThNGHFxZ13dGLBHQLVl1mJlY=
golang.org/x/text v0.23.0/go.mod h1:/BLNzu4aZCJ1+kcD0DNRotWKage4q2rGVAg4o22unh4=
golang.org/x/text v0.26.0 h1:P42AVeLghgTYr4+xUnTRKDMqpar+PtX7KWuNQL21L8M=
golang.org/x/text v0.26.0/go.mod h1:QK15LZJUUQVJxhz7wXgxSy/CJaTFjd0G+YLonydOVQA=
golang.org/x/time v0.11.0 h1:/bpjEDfN9tkoN/ryeYHnv5hcMlc8ncjMcM4XBk5NWV0=
golang.org/x/time v0.11.0/go.mod h1:CDIdPxbZBQxdj6cxyCIdrNogrJKMJ7pr37NYpMcMDSg=
golang.org/x/time v0.12.0 h1:ScB/8o8olJvc+CQPWrK3fPZNfh7qgwCrY0zJmoEQLSE=
golang.org/x/time v0.12.0/go.mod h1:CDIdPxbZBQxdj6cxyCIdrNogrJKMJ7pr37NYpMcMDSg=
golang.org/x/tools v0.0.0-20180917221912-90fa682c2a6e/go.mod h1:n7NCudcB/nEzxVGmLbDWY5pfWTLqBcC2KZ6jyYvM4mQ=
golang.org/x/tools v0.0.0-20191119224855-298f0cb1881e/go.mod h1:b+2E5dAYhXwXZwtnZ6UAqBI28+e2cm9otk0dWdXHAEo=
golang.org/x/tools v0.0.0-20200619180055-7c47624df98f/go.mod h1:EkVYQZoAsY45+roYkvgYkIh4xh/qjgUK9TdY2XT94GE=
golang.org/x/tools v0.0.0-20210106214847-113979e3529a/go.mod h1:emZCQorbCU4vsT4fOWvOPXz4eW1wZW4PmDk9uLelYpA=
golang.org/x/tools v0.31.0 h1:0EedkvKDbh+qistFTd0Bcwe/YLh4vHwWEkiI0toFIBU=
golang.org/x/tools v0.31.0/go.mod h1:naFTU+Cev749tSJRXJlna0T3WxKvb1kWEx15xA4SdmQ=
golang.org/x/xerrors v0.0.0-20190717185122-a985d3407aa7/go.mod h1:I/5z698sn9Ka8TeJc9MKroUUfqBBauWjQqLJ2OPfmY0=
golang.org/x/xerrors v0.0.0-20191011141410-1b5146add898/go.mod h1:I/5z698sn9Ka8TeJc9MKroUUfqBBauWjQqLJ2OPfmY0=
golang.org/x/xerrors v0.0.0-20191204190536-9bdfabe68543/go.mod h1:I/5z698sn9Ka8TeJc9MKroUUfqBBauWjQqLJ2OPfmY0=
golang.org/x/xerrors v0.0.0-20200804184101-5ec99f83aff1/go.mod h1:I/5z698sn9Ka8TeJc9MKroUUfqBBauWjQqLJ2OPfmY0=
google.golang.org/protobuf v1.36.6 h1:z1NpPI8ku2WgiWnf+t9wTPsn6eP1L7ksHUlkfLvd9xY=
google.golang.org/protobuf v1.36.6/go.mod h1:jduwjTPXsFjZGTmRluh+L6NjiWu7pchiJ2/5YcXBHnY=
gopkg.in/check.v1 v0.0.0-20161208181325-20d25e280405/go.mod h1:Co6ibVJAznAaIkqp8huTwlJQCZ016jof/cbN4VW5Yz0=
gopkg.in/check.v1 v1.0.0-20201130134442-10cb98267c6c h1:Hei/4ADfdWqJk1ZMxUNpqntNwaWcugrBjAiHlqqRiVk=
gopkg.in/check.v1 v1.0.0-20201130134442-10cb98267c6c/go.mod h1:JHkPIbrfpd72SG/EVd6muEfDQjcINNoR0C8j2r3qZ4Q=
gopkg.in/evanphx/json-patch.v4 v4.12.0 h1:n6jtcsulIzXPJaxegRbvFNNrZDjbij7ny3gmSPG+6V4=
gopkg.in/evanphx/json-patch.v4 v4.12.0/go.mod h1:p8EYWUEYMpynmqDbY58zCKCFZw8pRWMG4EsWvDvM72M=
gopkg.in/inf.v0 v0.9.1 h1:73M5CoZyi3ZLMOyDlQh031Cx6N9NDJ2Vvfl76EDAgDc=
gopkg.in/inf.v0 v0.9.1/go.mod h1:cWUDdTG/fYaXco+Dcufb5Vnc6Gp2YChqWtbxRZE0mXw=
gopkg.in/yaml.v3 v3.0.0-20200313102051-9f266ea9e77c/go.mod h1:K4uyk7z7BCEPqu6E+C64Yfv1cQ7kz7rIZviUmN+EgEM=
gopkg.in/yaml.v3 v3.0.1 h1:fxVm/GzAzEWqLHuvctI91KS9hhNmmWOoWu0XTYJS7CA=
gopkg.in/yaml.v3 v3.0.1/go.mod h1:K4uyk7z7BCEPqu6E+C64Yfv1cQ7kz7rIZviUmN+EgEM=
k8s.io/api v0.32.3 h1:Hw7KqxRusq+6QSplE3NYG4MBxZw1BZnq4aP4cJVINls=
k8s.io/api v0.32.3/go.mod h1:2wEDTXADtm/HA7CCMD8D8bK4yuBUptzaRhYcYEEYA3k=
k8s.io/api v0.33.2 h1:YgwIS5jKfA+BZg//OQhkJNIfie/kmRsO0BmNaVSimvY=
k8s.io/api v0.33.2/go.mod h1:fhrbphQJSM2cXzCWgqU29xLDuks4mu7ti9vveEnpSXs=
k8s.io/apiextensions-apiserver v0.32.3 h1:4D8vy+9GWerlErCwVIbcQjsWunF9SUGNu7O7hiQTyPY=
k8s.io/apiextensions-apiserver v0.32.3/go.mod h1:8YwcvVRMVzw0r1Stc7XfGAzB/SIVLunqApySV5V7Dss=
k8s.io/apiextensions-apiserver v0.33.2 h1:6gnkIbngnaUflR3XwE1mCefN3YS8yTD631JXQhsU6M8=
k8s.io/apiextensions-apiserver v0.33.2/go.mod h1:IvVanieYsEHJImTKXGP6XCOjTwv2LUMos0YWc9O+QP8=
k8s.io/apimachinery v0.32.3 h1:JmDuDarhDmA/Li7j3aPrwhpNBA94Nvk5zLeOge9HH1U=
k8s.io/apimachinery v0.32.3/go.mod h1:GpHVgxoKlTxClKcteaeuF1Ul/lDVb74KpZcxcmLDElE=
k8s.io/apimachinery v0.33.2 h1:IHFVhqg59mb8PJWTLi8m1mAoepkUNYmptHsV+Z1m5jY=
k8s.io/apimachinery v0.33.2/go.mod h1:BHW0YOu7n22fFv/JkYOEfkUYNRN0fj0BlvMFWA7b+SM=
k8s.io/client-go v0.32.3 h1:RKPVltzopkSgHS7aS98QdscAgtgah/+zmpAogooIqVU=
k8s.io/client-go v0.32.3/go.mod h1:3v0+3k4IcT9bXTc4V2rt+d2ZPPG700Xy6Oi0Gdl2PaY=
k8s.io/client-go v0.33.2 h1:z8CIcc0P581x/J1ZYf4CNzRKxRvQAwoAolYPbtQes+E=
k8s.io/client-go v0.33.2/go.mod h1:9mCgT4wROvL948w6f6ArJNb7yQd7QsvqavDeZHvNmHo=
k8s.io/klog/v2 v2.130.1 h1:n9Xl7H1Xvksem4KFG4PYbdQCQxqc/tTUyrgXaOhHSzk=
k8s.io/klog/v2 v2.130.1/go.mod h1:3Jpz1GvMt720eyJH1ckRHK1EDfpxISzJ7I9OYgaDtPE=
k8s.io/kube-openapi v0.0.0-20250318190949-c8a335a9a2ff h1:/usPimJzUKKu+m+TE36gUyGcf03XZEP0ZIKgKj35LS4=
k8s.io/kube-openapi v0.0.0-20250318190949-c8a335a9a2ff/go.mod h1:5jIi+8yX4RIb8wk3XwBo5Pq2ccx4FP10ohkbSKCZoK8=
k8s.io/kube-openapi v0.0.0-20250610211856-8b98d1ed966a h1:ZV3Zr+/7s7aVbjNGICQt+ppKWsF1tehxggNfbM7XnG8=
k8s.io/kube-openapi v0.0.0-20250610211856-8b98d1ed966a/go.mod h1:5jIi+8yX4RIb8wk3XwBo5Pq2ccx4FP10ohkbSKCZoK8=
k8s.io/kube-openapi v0.0.0-20250701173324-9bd5c66d9911 h1:gAXU86Fmbr/ktY17lkHwSjw5aoThQvhnstGGIYKlKYc=
k8s.io/kube-openapi v0.0.0-20250701173324-9bd5c66d9911/go.mod h1:GLOk5B+hDbRROvt0X2+hqX64v/zO3vXN7J78OUmBSKw=
k8s.io/utils v0.0.0-20250321185631-1f6e0b77f77e h1:KqK5c/ghOm8xkHYhlodbp6i6+r+ChV2vuAuVRdFbLro=
k8s.io/utils v0.0.0-20250321185631-1f6e0b77f77e/go.mod h1:OLgZIPagt7ERELqWJFomSt595RzquPNLL48iOWgYOg0=
k8s.io/utils v0.0.0-20250604170112-4c0f3b243397 h1:hwvWFiBzdWw1FhfY1FooPn3kzWuJ8tmbZBHi4zVsl1Y=
k8s.io/utils v0.0.0-20250604170112-4c0f3b243397/go.mod h1:OLgZIPagt7ERELqWJFomSt595RzquPNLL48iOWgYOg0=
modernc.org/cc/v4 v4.25.2 h1:T2oH7sZdGvTaie0BRNFbIYsabzCxUQg8nLqCdQ2i0ic=
modernc.org/cc/v4 v4.25.2/go.mod h1:uVtb5OGqUKpoLWhqwNQo/8LwvoiEBLvZXIQ/SmO6mL0=
modernc.org/ccgo/v4 v4.25.1 h1:TFSzPrAGmDsdnhT9X2UrcPMI3N/mJ9/X9ykKXwLhDsU=
modernc.org/ccgo/v4 v4.25.1/go.mod h1:njjuAYiPflywOOrm3B7kCB444ONP5pAVr8PIEoE0uDw=
modernc.org/fileutil v1.3.0 h1:gQ5SIzK3H9kdfai/5x41oQiKValumqNTDXMvKo62HvE=
modernc.org/fileutil v1.3.0/go.mod h1:XatxS8fZi3pS8/hKG2GH/ArUogfxjpEKs3Ku3aK4JyQ=
modernc.org/gc/v2 v2.6.5 h1:nyqdV8q46KvTpZlsw66kWqwXRHdjIlJOhG6kxiV/9xI=
modernc.org/gc/v2 v2.6.5/go.mod h1:YgIahr1ypgfe7chRuJi2gD7DBQiKSLMPgBQe9oIiito=
modernc.org/libc v1.62.1 h1:s0+fv5E3FymN8eJVmnk0llBe6rOxCu/DEU+XygRbS8s=
modernc.org/libc v1.62.1/go.mod h1:iXhATfJQLjG3NWy56a6WVU73lWOcdYVxsvwCgoPljuo=
modernc.org/libc v1.66.1 h1:4uQsntXbVyAgrV+j6NhKvDiUypoJL48BWQx6sy9y8ok=
modernc.org/libc v1.66.1/go.mod h1:AiZxInURfEJx516LqEaFcrC+X38rt9G7+8ojIXQKHbo=
modernc.org/libc v1.66.2 h1:JCBxlJzZOIwZY54fzjHN3Wsn8Ty5PUTPr/xioRkmecI=
modernc.org/libc v1.66.2/go.mod h1:ceIGzvXxP+JV3pgVjP9avPZo6Chlsfof2egXBH3YT5Q=
modernc.org/mathutil v1.7.1 h1:GCZVGXdaN8gTqB1Mf/usp1Y/hSqgI2vAGGP4jZMCxOU=
modernc.org/mathutil v1.7.1/go.mod h1:4p5IwJITfppl0G4sUEDtCr4DthTaT47/N3aT6MhfgJg=
modernc.org/memory v1.9.1 h1:V/Z1solwAVmMW1yttq3nDdZPJqV1rM05Ccq6KMSZ34g=
modernc.org/memory v1.9.1/go.mod h1:/JP4VbVC+K5sU2wZi9bHoq2MAkCnrt2r98UGeSK7Mjw=
modernc.org/memory v1.11.0 h1:o4QC8aMQzmcwCK3t3Ux/ZHmwFPzE6hf2Y5LbkRs+hbI=
modernc.org/memory v1.11.0/go.mod h1:/JP4VbVC+K5sU2wZi9bHoq2MAkCnrt2r98UGeSK7Mjw=
modernc.org/opt v0.1.4 h1:2kNGMRiUjrp4LcaPuLY2PzUfqM/w9N23quVwhKt5Qm8=
modernc.org/opt v0.1.4/go.mod h1:03fq9lsNfvkYSfxrfUhZCWPk1lm4cq4N+Bh//bEtgns=
modernc.org/sortutil v1.2.1 h1:+xyoGf15mM3NMlPDnFqrteY07klSFxLElE2PVuWIJ7w=
modernc.org/sortutil v1.2.1/go.mod h1:7ZI3a3REbai7gzCLcotuw9AC4VZVpYMjDzETGsSMqJE=
modernc.org/sqlite v1.37.0 h1:s1TMe7T3Q3ovQiK2Ouz4Jwh7dw4ZDqbebSDTlSJdfjI=
modernc.org/sqlite v1.37.0/go.mod h1:5YiWv+YviqGMuGw4V+PNplcyaJ5v+vQd7TQOgkACoJM=
modernc.org/sqlite v1.38.0 h1:+4OrfPQ8pxHKuWG4md1JpR/EYAh3Md7TdejuuzE7EUI=
modernc.org/sqlite v1.38.0/go.mod h1:1Bj+yES4SVvBZ4cBOpVZ6QgesMCKpJZDq0nxYzOpmNE=
modernc.org/strutil v1.2.1 h1:UneZBkQA+DX2Rp35KcM69cSsNES9ly8mQWD71HKlOA0=
modernc.org/strutil v1.2.1/go.mod h1:EHkiggD70koQxjVdSBM3JKM7k6L0FbGE5eymy9i3B9A=
modernc.org/token v1.1.0 h1:Xl7Ap9dKaEs5kLoOQeQmPWevfnk/DM5qcLcYlA8ys6Y=
modernc.org/token v1.1.0/go.mod h1:UGzOrNV1mAFSEB63lOFHIpNRUVMvYTc6yu1SMY/XTDM=
nullprogram.com/x/optparse v1.0.0/go.mod h1:KdyPE+Igbe0jQUrVfMqDMeJQIJZEuyV7pjYmp6pbG50=
sigs.k8s.io/json v0.0.0-20241014173422-cfa47c3a1cc8 h1:gBQPwqORJ8d8/YNZWEjoZs7npUVDpVXUUOFfW6CgAqE=
sigs.k8s.io/json v0.0.0-20241014173422-cfa47c3a1cc8/go.mod h1:mdzfpAEoE6DHQEN0uh9ZbOCuHbLK5wOm7dK4ctXE9Tg=
sigs.k8s.io/randfill v0.0.0-20250304075658-069ef1bbf016/go.mod h1:XeLlZ/jmk4i1HRopwe7/aU3H5n1zNUcX6TM94b3QxOY=
sigs.k8s.io/randfill v1.0.0 h1:JfjMILfT8A6RbawdsK2JXGBR5AQVfd+9TbzrlneTyrU=
sigs.k8s.io/randfill v1.0.0/go.mod h1:XeLlZ/jmk4i1HRopwe7/aU3H5n1zNUcX6TM94b3QxOY=
sigs.k8s.io/structured-merge-diff/v4 v4.6.0 h1:IUA9nvMmnKWcj5jl84xn+T5MnlZKThmUW1TdblaLVAc=
sigs.k8s.io/structured-merge-diff/v4 v4.6.0/go.mod h1:dDy58f92j70zLsuZVuUX5Wp9vtxXpaZnkPGWeqDfCps=
sigs.k8s.io/structured-merge-diff/v4 v4.7.0 h1:qPeWmscJcXP0snki5IYF79Z8xrl8ETFxgMd7wez1XkI=
sigs.k8s.io/structured-merge-diff/v4 v4.7.0/go.mod h1:dDy58f92j70zLsuZVuUX5Wp9vtxXpaZnkPGWeqDfCps=
sigs.k8s.io/yaml v1.4.0 h1:Mk1wCc2gy/F0THH0TAp1QYyJNzRm2KCLy3o5ASXVI5E=
sigs.k8s.io/yaml v1.4.0/go.mod h1:Ejl7/uTz7PSA4eKMyQCUTnhZYNmLIl+5c2lQPGR2BPY=
sigs.k8s.io/yaml v1.5.0 h1:M10b2U7aEUY6hRtU870n2VTPgR5RZiL/I6Lcc2F4NUQ=
sigs.k8s.io/yaml v1.5.0/go.mod h1:wZs27Rbxoai4C0f8/9urLZtZtF3avA3gKvGyPdDqTO4=
