github.com/fxamacker/cbor/v2 v2.9.0 h1:NpKPmjDBgUfBms6tr6JZkTHtfFGcMKsw3eGcmD/sapM=
github.com/fxamacker/cbor/v2 v2.9.0/go.mod h1:vM4b+DJCtHn+zz7h3FFp/hDAI9WNWCsZj23V5ytsSxQ=
github.com/golang-jwt/jwt/v5 v5.2.3 h1:kkGXqQOBSDDWRhWNXTFpqGSCMyh/PLnqUvMGJPDJDs0=
github.com/golang-jwt/jwt/v5 v5.2.3/go.mod h1:pqrtFR0X4osieyHYxtmOUWsAWrfe1Q5UVIyoH402zdk=
github.com/google/go-attestation v0.5.1 h1:jqtOrLk5MNdliTKjPbIPrAaRKJaKW+0LIU2n/brJYms=
github.com/google/go-attestation v0.5.1/go.mod h1:KqGatdUhg5kPFkokyzSBDxwSCFyRgIgtRkMp6c3lOBQ=
github.com/google/go-tpm v0.9.5 h1:ocUmnDebX54dnW+MQWGQRbdaAcJELsa6PqZhJ48KwVU=
github.com/google/go-tpm v0.9.5/go.mod h1:h9jEsEECg7gtLis0upRBQU+GhYVH6jMjrFxI8u6bVUY=
github.com/torsec/k8s-pod-attestation/pkg/model v0.0.0-20250515104439-f713fe636d77 h1:iQpX3LHQS9VisXsYoKuYlBeG2Ha59gOLm9HtHINLtY8=
github.com/torsec/k8s-pod-attestation/pkg/model v0.0.0-20250515104439-f713fe636d77/go.mod h1:xuCsD8+9JfcbUVeXbd0KS9hnVMJA0ZB3Az3/33zRxDA=
github.com/torsec/k8s-pod-attestation/pkg/model v0.0.0-20250721122813-31cf43b6c2dc h1:ek01S1taIStCdw+TqnDwXSb2r6L9oW9mN5PkHiUi8ik=
github.com/torsec/k8s-pod-attestation/pkg/model v0.0.0-20250721122813-31cf43b6c2dc/go.mod h1:BBgRJxkLIW5WghFJ+4OSRZkjMQ4P7NJyKnPHBrpo7vc=
github.com/torsec/k8s-pod-attestation/pkg/model v0.0.0-20250721130358-07a5329dc3d0 h1:QabJXKi3idVUsNTvDkiJk+ArAkt3gmg9QRNcYXPieD8=
github.com/torsec/k8s-pod-attestation/pkg/model v0.0.0-20250721130358-07a5329dc3d0/go.mod h1:BBgRJxkLIW5WghFJ+4OSRZkjMQ4P7NJyKnPHBrpo7vc=
github.com/veraison/cmw v0.2.0 h1:BWEvwZnD4nn5osq6XwQpTRcGxwV+Su4t6ytdAbVXAJY=
github.com/veraison/cmw v0.2.0/go.mod h1:OiYKk1t6/Fmmg30ZpSMzi4nKr5kt3374sNTkgxC5BDs=
github.com/x448/float16 v0.8.4 h1:qLwI1I70+NjRFUR3zs1JPUCgaCXSh3SW62uAKT1mSBM=
github.com/x448/float16 v0.8.4/go.mod h1:14CWIYCyZA/cWjXOioeEpHeN/83MdbZDRQHoFcYsOfg=
golang.org/x/sys v0.34.0 h1:H5Y5sJ2L2JRdyv7ROF1he/lPdvFsd0mJHFw2ThKHxLA=
golang.org/x/sys v0.34.0/go.mod h1:BJP2sWEmIv4KK5OTEluFJCKSidICx8ciO85XgH3Ak8k=
