github.com/davecgh/go-spew v1.1.1 h1:vj9j/u1bqnvCEfJOwUhtlOARqs3+rkHYY13jYWTU97c=
github.com/davecgh/go-spew v1.1.1/go.mod h1:J7Y8YcW2NihsgmVo/mv3lAwl/skON4iLHjSsI+c5H38=
github.com/fatih/color v1.18.0 h1:S8gINlzdQ840/4pfAwic/ZE0djQEH3wM94VfqLTZcOM=
github.com/fatih/color v1.18.0/go.mod h1:4FelSpRwEGDpQ12mAdzqdOukCy4u8WUtOY6lkT/6HfU=
github.com/golang/protobuf v1.5.4 h1:i7eJL8qZTpSEXOPTxNKhASYpMn+8e5Q6AdndVa1dWek=
github.com/golang/protobuf v1.5.4/go.mod h1:lnTiLA8Wa4RWRcIUkrtSVa5nRhsEGBg48fD6rSs7xps=
github.com/google/certificate-transparency-go v1.1.2 h1:4hE0GEId6NAW28dFpC+LrRGwQX5dtmXQGDbg8+/MZOM=
github.com/google/certificate-transparency-go v1.1.2/go.mod h1:3OL+HKDqHPUfdKrHVQxO6T8nDLO0HF7LRTlkIWXaWvQ=
github.com/google/gce-tcb-verifier v0.2.3-0.20240905212129-12f728a62786 h1:1ijRI0+jsZCl3CqeJG3Cib6w+wYCBlD/rWRo5a+ZME4=
github.com/google/gce-tcb-verifier v0.2.3-0.20240905212129-12f728a62786/go.mod h1:Jvv9i6JF1t7sDVW09zP2x+9vN3lcujtih2Zb/lVXaLs=
github.com/google/go-attestation v0.5.1 h1:jqtOrLk5MNdliTKjPbIPrAaRKJaKW+0LIU2n/brJYms=
github.com/google/go-attestation v0.5.1/go.mod h1:KqGatdUhg5kPFkokyzSBDxwSCFyRgIgtRkMp6c3lOBQ=
github.com/google/go-cmp v0.6.0 h1:ofyhxvXcZhMsU5ulbFiLKl/XBFqE1GSq7atu8tAmTRI=
github.com/google/go-cmp v0.6.0/go.mod h1:17dUlkBOakJ0+DkrSSNjCkIjxS6bF9zb3elmeNGIjoY=
github.com/google/go-configfs-tsm v0.3.3-0.20240919001351-b4b5b84fdcbc h1:SG12DWUUM5igxm+//YX5Yq4vhdoRnOG9HkCodkOn+YU=
github.com/google/go-configfs-tsm v0.3.3-0.20240919001351-b4b5b84fdcbc/go.mod h1:EL1GTDFMb5PZQWDviGfZV9n87WeGTR/JUg13RfwkgRo=
github.com/google/go-eventlog v0.0.2-0.20241003021507-01bb555f7cba h1:05m5+kgZjxYUZrx3bZfkKHl6wkch+Khao6N21rFHInk=
github.com/google/go-eventlog v0.0.2-0.20241003021507-01bb555f7cba/go.mod h1:7huE5P8w2NTObSwSJjboHmB7ioBNblkijdzoVa2skfQ=
github.com/google/go-sev-guest v0.12.1 h1:H4rFYnPIn8HtqEsNTmh56Zxcf9BI9n48ZSYCnpYLYvc=
github.com/google/go-sev-guest v0.12.1/go.mod h1:SK9vW+uyfuzYdVN0m8BShL3OQCtXZe/JPF7ZkpD3760=
github.com/google/go-sev-guest v0.13.0 h1:DJB6ACdykyweMU0HGOp/TQ7cjsnbV2ecbYunu2E0qy0=
github.com/google/go-sev-guest v0.13.0/go.mod h1:SK9vW+uyfuzYdVN0m8BShL3OQCtXZe/JPF7ZkpD3760=
github.com/google/go-tdx-guest v0.3.2-0.20241009005452-097ee70d0843 h1:+MoPobRN9HrDhGyn6HnF5NYo4uMBKaiFqAtf/D/OB4A=
github.com/google/go-tdx-guest v0.3.2-0.20241009005452-097ee70d0843/go.mod h1:g/n8sKITIT9xRivBUbizo34DTsUm2nN2uU3A662h09g=
github.com/google/go-tpm v0.9.3 h1:+yx0/anQuGzi+ssRqeD6WpXjW2L/V0dItUayO0i9sRc=
github.com/google/go-tpm v0.9.3/go.mod h1:h9jEsEECg7gtLis0upRBQU+GhYVH6jMjrFxI8u6bVUY=
github.com/google/go-tpm-tools v0.4.5 h1:3fhthtyMDbIZFR5/0y1hvUoZ1Kf4i1eZ7C73R4Pvd+k=
github.com/google/go-tpm-tools v0.4.5/go.mod h1:ktjTNq8yZFD6TzdBFefUfen96rF3NpYwpSb2d8bc+Y8=
github.com/google/go-tspi v0.3.0 h1:ADtq8RKfP+jrTyIWIZDIYcKOMecRqNJFOew2IT0Inus=
github.com/google/go-tspi v0.3.0/go.mod h1:xfMGI3G0PhxCdNVcYr1C4C+EizojDg/TXuX5by8CiHI=
github.com/google/logger v1.1.1 h1:+6Z2geNxc9G+4D4oDO9njjjn2d0wN5d7uOo0vOIW1NQ=
github.com/google/logger v1.1.1/go.mod h1:BkeJZ+1FhQ+/d087r4dzojEg1u2ZX+ZqG1jTUrLM+zQ=
github.com/google/uuid v1.6.0 h1:NIvaJDMOsjHA8n1jAhLSgzrAzy1Hgr+hNrb57e+94F0=
github.com/google/uuid v1.6.0/go.mod h1:TIyPZe4MgqvfeYDBFedMoGGpEw/LqOeaOT+nhxU+yHo=
github.com/mattn/go-colorable v0.1.13 h1:fFA4WZxdEF4tXPZVKMLwD8oUnCTTo08duU7wxecdEvA=
github.com/mattn/go-colorable v0.1.13/go.mod h1:7S9/ev0klgBDR4GtXTXX8a3vIGJpMovkB8vQcUbaXHg=
github.com/mattn/go-colorable v0.1.14 h1:9A9LHSqF/7dyVVX6g0U9cwm9pG3kP9gSzcuIPHPsaIE=
github.com/mattn/go-colorable v0.1.14/go.mod h1:6LmQG8QLFO4G5z1gPvYEzlUgJ2wF+stgPZH1UqBm1s8=
github.com/mattn/go-isatty v0.0.16/go.mod h1:kYGgaQfpe5nmfYZH+SKPsOc2e4SrIfOl2e/yFXSvRLM=
github.com/mattn/go-isatty v0.0.20 h1:xfD0iDuEKnDkl03q4limB+vH+GxLEtL/jb4xVJSWWEY=
github.com/mattn/go-isatty v0.0.20/go.mod h1:W+V8PltTTMOvKvAeJH7IuucS94S2C6jfK/D7dTCTo3Y=
github.com/pkg/errors v0.9.1 h1:FEBLx1zS214owpjy7qsBeixbURkuhQAwrK5UwLGTwt4=
github.com/pkg/errors v0.9.1/go.mod h1:bwawxfHBFNV+L2hUp1rHADufV3IMtnDRdf1r5NINEl0=
github.com/pmezard/go-difflib v1.0.0 h1:4DBwDE0NGyQoBHbLQYPwSUPoCMWR5BEzIk/f1lZbAQM=
github.com/pmezard/go-difflib v1.0.0/go.mod h1:iKH77koFhYxTK1pcRnkKkqfTogsbg7gZNVY4sRDYZ/4=
github.com/stretchr/testify v1.9.0 h1:HtqpIVDClZ4nwg75+f6Lvsy/wHu+3BoSGCbBAcpTsTg=
github.com/stretchr/testify v1.9.0/go.mod h1:r2ic/lqez/lEtzL7wO/rwa5dbSLXVDPFyf8C91i36aY=
github.com/torsec/k8s-pod-attestation/pkg/crypto v0.0.0-20250314164923-01873a414d17 h1:kWfzSYDmqztH0HFR7QdtBYanBLnZ+EpEouY5xI6XglA=
github.com/torsec/k8s-pod-attestation/pkg/crypto v0.0.0-20250314164923-01873a414d17/go.mod h1:K4aAXIgL8IN63Rb2+10gsWmiUslhlnl4DufSaQHangY=
github.com/torsec/k8s-pod-attestation/pkg/crypto v0.0.0-20250331152135-a36bce465dba h1:/eq4QDLx/oloWU60PDnQjNnCtxTAVHrCoH7l2A+1zYI=
github.com/torsec/k8s-pod-attestation/pkg/crypto v0.0.0-20250331152135-a36bce465dba/go.mod h1:K4aAXIgL8IN63Rb2+10gsWmiUslhlnl4DufSaQHangY=
github.com/torsec/k8s-pod-attestation/pkg/crypto v0.0.0-20250401084726-0027f8473ca8 h1:/hjQC1S59AvjmzQgFHyHcSJThRgngQr/AdcifAKZ8G8=
github.com/torsec/k8s-pod-attestation/pkg/crypto v0.0.0-20250401084726-0027f8473ca8/go.mod h1:K4aAXIgL8IN63Rb2+10gsWmiUslhlnl4DufSaQHangY=
github.com/torsec/k8s-pod-attestation/pkg/crypto v0.0.0-20250401121408-22b7b995c1dc h1:1RNISfNBnIV4j7CU8QUhRncSV9oKUvYTABHRUmOu8g4=
github.com/torsec/k8s-pod-attestation/pkg/crypto v0.0.0-20250401121408-22b7b995c1dc/go.mod h1:lMBbAa+VYEcxnVkub3qyD5htz8q6kl6yVmHG+jZKmB0=
github.com/torsec/k8s-pod-attestation/pkg/crypto v0.0.0-20250401150006-d678a7d856b5 h1:TfaQ1FYQbcvMqP4bDXmxcgQbnxgMopqTIOzDZCEYD+M=
github.com/torsec/k8s-pod-attestation/pkg/crypto v0.0.0-20250401150006-d678a7d856b5/go.mod h1:oa9Y8pGK958zl3Hz+vAPf/nELJYq6yQnbZSPvSv7pbo=
github.com/torsec/k8s-pod-attestation/pkg/crypto v0.0.0-20250401164944-a25aa54fb976 h1:8j6mz7OgEA/GLjdYO+Z++tta9g87ZaFXqjR+762Fif4=
github.com/torsec/k8s-pod-attestation/pkg/crypto v0.0.0-20250401164944-a25aa54fb976/go.mod h1:oa9Y8pGK958zl3Hz+vAPf/nELJYq6yQnbZSPvSv7pbo=
github.com/torsec/k8s-pod-attestation/pkg/crypto v0.0.0-20250401192908-aae873fd7821 h1:UuyqS1jD5c6RLy1pHtHWDZfHC2R8iND93jT//eWNqdU=
github.com/torsec/k8s-pod-attestation/pkg/crypto v0.0.0-20250401192908-aae873fd7821/go.mod h1:RoaXmob6DAPCEPH1vgbmPAAA0vtvthNsM8cbvT6a/Tw=
github.com/torsec/k8s-pod-attestation/pkg/crypto v0.0.0-20250402095813-1d681c5e3cf9 h1:wYdoszBnvlaOm4AAIyel1zXIWa3g/7DMLp/R6SwyKzs=
github.com/torsec/k8s-pod-attestation/pkg/crypto v0.0.0-20250402095813-1d681c5e3cf9/go.mod h1:y/xhgfcu0aJtnZZC1QX4VLuOXkxBUfmyQBMKpGaxT4c=
github.com/torsec/k8s-pod-attestation/pkg/crypto v0.0.0-20250402110444-f62cb6b32280 h1:Bg1jog++pdjPPGV5f41yQMvoTYgdhPtJxLwSolQphYQ=
github.com/torsec/k8s-pod-attestation/pkg/crypto v0.0.0-20250402110444-f62cb6b32280/go.mod h1:QEKfHUr87K6PVDC8kK4IWFws0xrBJt4Pmzr1nzSyS/E=
github.com/torsec/k8s-pod-attestation/pkg/crypto v0.0.0-20250402123629-48d30d0c63fb h1:7L3wC70GLKM/Be002nSjt7fv6W+juyzNSvYs/osSdTs=
github.com/torsec/k8s-pod-attestation/pkg/crypto v0.0.0-20250402123629-48d30d0c63fb/go.mod h1:QEKfHUr87K6PVDC8kK4IWFws0xrBJt4Pmzr1nzSyS/E=
github.com/torsec/k8s-pod-attestation/pkg/crypto v0.0.0-20250402133531-23a39779cf54 h1:rXW/QtF0o8+lEcWi1uNjblOhlxf4nze4gLDloGB5Rek=
github.com/torsec/k8s-pod-attestation/pkg/crypto v0.0.0-20250402133531-23a39779cf54/go.mod h1:oW/ATaenmJ+8HcK9Lo/90UjEnGvm9UrXqU2AwOUSYIw=
github.com/torsec/k8s-pod-attestation/pkg/crypto v0.0.0-20250402142050-54878dcb42ed h1:UVw9sRtDRhDT9BDHICV3wknqT4pMHjUTibHAij/Wqpk=
github.com/torsec/k8s-pod-attestation/pkg/crypto v0.0.0-20250402142050-54878dcb42ed/go.mod h1:oW/ATaenmJ+8HcK9Lo/90UjEnGvm9UrXqU2AwOUSYIw=
github.com/torsec/k8s-pod-attestation/pkg/crypto v0.0.0-20250402163006-1febba09d409 h1:8wXmksewVpMmRXTWbeXa6yzmEtRuOj7MZu8la/QYLpA=
github.com/torsec/k8s-pod-attestation/pkg/crypto v0.0.0-20250402163006-1febba09d409/go.mod h1:J2RCtlJs4fEQZtvXF85olG8tEI3hhOTmw1KRqLDI2v4=
github.com/torsec/k8s-pod-attestation/pkg/crypto v0.0.0-20250402192317-f44350d8cb40 h1:zCXDaVCKKjOqh5STcfxDii/yZHMoKjG/9+BvVKH08UI=
github.com/torsec/k8s-pod-attestation/pkg/crypto v0.0.0-20250402192317-f44350d8cb40/go.mod h1:Fffp1pWPZaLzqWpvStKvTjbrUNqXzEQ/lU43nY+M7SY=
github.com/torsec/k8s-pod-attestation/pkg/crypto v0.0.0-20250403095655-24f42a48e22a h1:f/cjYudOgdXgqbf50F+00fRv1Wa+B5aujTLioKfvrus=
github.com/torsec/k8s-pod-attestation/pkg/crypto v0.0.0-20250403095655-24f42a48e22a/go.mod h1:KZkINis4cRc/p5C/3Ag39O+DoFIzb0fZsMpOmfo9q6A=
github.com/torsec/k8s-pod-attestation/pkg/crypto v0.0.0-20250403103846-2cde46d6f1a7 h1:NlOi3ENJIeewThbaIy0Hdlwzk0TWTCUThH58L5KMAIo=
github.com/torsec/k8s-pod-attestation/pkg/crypto v0.0.0-20250403103846-2cde46d6f1a7/go.mod h1:f8XDMUzg8dq7bxb88ZQ8FOaSL0C45UtVf7XB+Wx5Ows=
github.com/torsec/k8s-pod-attestation/pkg/logger v0.0.0-20250314164923-01873a414d17 h1:h2Zgcs5nPBsxKR0swGzAlkY0GvEo7smqI1dS5bAhrGc=
github.com/torsec/k8s-pod-attestation/pkg/logger v0.0.0-20250314164923-01873a414d17/go.mod h1:pP/DpVLMzgLxrc+4AYwjlUolcrIY19P12+RPWCaz/pQ=
github.com/torsec/k8s-pod-attestation/pkg/logger v0.0.0-20250331152135-a36bce465dba h1:HygBx01BAMOqjQL4DWtN1cvYD3mP0ZGoyVkim2vNxGM=
github.com/torsec/k8s-pod-attestation/pkg/logger v0.0.0-20250331152135-a36bce465dba/go.mod h1:pP/DpVLMzgLxrc+4AYwjlUolcrIY19P12+RPWCaz/pQ=
github.com/torsec/k8s-pod-attestation/pkg/logger v0.0.0-20250401084726-0027f8473ca8 h1:4EWIflUNSauHZBnp7zXoqKDBfsOeQDEiNVAKGU5jReo=
github.com/torsec/k8s-pod-attestation/pkg/logger v0.0.0-20250401084726-0027f8473ca8/go.mod h1:pP/DpVLMzgLxrc+4AYwjlUolcrIY19P12+RPWCaz/pQ=
github.com/torsec/k8s-pod-attestation/pkg/logger v0.0.0-20250401121408-22b7b995c1dc h1:HrpDT4xHgDInK3UyOjVHtSV+Uz0ULV0v90/ckGHHIqs=
github.com/torsec/k8s-pod-attestation/pkg/logger v0.0.0-20250401121408-22b7b995c1dc/go.mod h1:ZFwzdtvry6L00T1EBbo3D1Sj3Ktj10VhtXqsuuBaQcI=
github.com/torsec/k8s-pod-attestation/pkg/logger v0.0.0-20250401164944-a25aa54fb976 h1:7o9dLzymkT5wCcQ4srXtQXvSQcInucZ/LLxCKr98Keo=
github.com/torsec/k8s-pod-attestation/pkg/logger v0.0.0-20250401164944-a25aa54fb976/go.mod h1:ZFwzdtvry6L00T1EBbo3D1Sj3Ktj10VhtXqsuuBaQcI=
github.com/torsec/k8s-pod-attestation/pkg/logger v0.0.0-20250401192908-aae873fd7821 h1:CwpT9qksF+RbbywW1kggwrdszzRe5XmceCwPT3rBcY4=
github.com/torsec/k8s-pod-attestation/pkg/logger v0.0.0-20250401192908-aae873fd7821/go.mod h1:ZFwzdtvry6L00T1EBbo3D1Sj3Ktj10VhtXqsuuBaQcI=
github.com/torsec/k8s-pod-attestation/pkg/logger v0.0.0-20250402095813-1d681c5e3cf9 h1:qOOTqVD9HJzZM4k4YQuGMaCdx3U2L1CfHAyZ3Ilw94k=
github.com/torsec/k8s-pod-attestation/pkg/logger v0.0.0-20250402095813-1d681c5e3cf9/go.mod h1:ZFwzdtvry6L00T1EBbo3D1Sj3Ktj10VhtXqsuuBaQcI=
github.com/torsec/k8s-pod-attestation/pkg/logger v0.0.0-20250402110444-f62cb6b32280 h1:nPSJtItovk3RBUy2AoU6aHJI+SsrZyPu2NZaNuCjID8=
github.com/torsec/k8s-pod-attestation/pkg/logger v0.0.0-20250402110444-f62cb6b32280/go.mod h1:ZFwzdtvry6L00T1EBbo3D1Sj3Ktj10VhtXqsuuBaQcI=
github.com/torsec/k8s-pod-attestation/pkg/logger v0.0.0-20250402123629-48d30d0c63fb h1:zG6ic1Br/6p++3ulKPyoOvqHXyhsZ81R84R+V01Eacg=
github.com/torsec/k8s-pod-attestation/pkg/logger v0.0.0-20250402123629-48d30d0c63fb/go.mod h1:ZFwzdtvry6L00T1EBbo3D1Sj3Ktj10VhtXqsuuBaQcI=
github.com/torsec/k8s-pod-attestation/pkg/logger v0.0.0-20250402133531-23a39779cf54 h1:fZsNGE41IKXOCuniDCqMsomgC2q0CEjWUpn/dMSw3kA=
github.com/torsec/k8s-pod-attestation/pkg/logger v0.0.0-20250402133531-23a39779cf54/go.mod h1:ZFwzdtvry6L00T1EBbo3D1Sj3Ktj10VhtXqsuuBaQcI=
github.com/torsec/k8s-pod-attestation/pkg/logger v0.0.0-20250402142050-54878dcb42ed h1:bOSQTQvHKrqZ0AjONz7TIcwcKajcEoz2VMfMzGIz5Es=
github.com/torsec/k8s-pod-attestation/pkg/logger v0.0.0-20250402142050-54878dcb42ed/go.mod h1:ZFwzdtvry6L00T1EBbo3D1Sj3Ktj10VhtXqsuuBaQcI=
github.com/torsec/k8s-pod-attestation/pkg/logger v0.0.0-20250402154414-b85a54c368d4 h1:/mwbsJ0sgB/jsuKg4aHtMQzSEAGSoSuC9XPiuQTgzzs=
github.com/torsec/k8s-pod-attestation/pkg/logger v0.0.0-20250402154414-b85a54c368d4/go.mod h1:ZFwzdtvry6L00T1EBbo3D1Sj3Ktj10VhtXqsuuBaQcI=
github.com/torsec/k8s-pod-attestation/pkg/logger v0.0.0-20250402163006-1febba09d409 h1:kQ6toQ67Y8A3yZnQ2iWYPIT/zqd5bV+GL6iF7sMSqK0=
github.com/torsec/k8s-pod-attestation/pkg/logger v0.0.0-20250402163006-1febba09d409/go.mod h1:ZFwzdtvry6L00T1EBbo3D1Sj3Ktj10VhtXqsuuBaQcI=
github.com/torsec/k8s-pod-attestation/pkg/logger v0.0.0-20250402192317-f44350d8cb40 h1:lP9qMwf2nEUWpZgH9u9/ZmzaTCiY5YLcTISlawe/PX8=
github.com/torsec/k8s-pod-attestation/pkg/logger v0.0.0-20250402192317-f44350d8cb40/go.mod h1:ZFwzdtvry6L00T1EBbo3D1Sj3Ktj10VhtXqsuuBaQcI=
github.com/torsec/k8s-pod-attestation/pkg/logger v0.0.0-20250403103846-2cde46d6f1a7 h1:WdTXh6i23g3tqYR5ecIzuX9GL72QXVx6bEfJWWuVTkk=
github.com/torsec/k8s-pod-attestation/pkg/logger v0.0.0-20250403103846-2cde46d6f1a7/go.mod h1:ZFwzdtvry6L00T1EBbo3D1Sj3Ktj10VhtXqsuuBaQcI=
github.com/torsec/k8s-pod-attestation/pkg/model v0.0.0-20250219154623-76561407d904 h1:4nwKYGlJt/H6go1PFLmER45HzfJlRv8HAMGHicmjUKM=
github.com/torsec/k8s-pod-attestation/pkg/model v0.0.0-20250219154623-76561407d904/go.mod h1:xuCsD8+9JfcbUVeXbd0KS9hnVMJA0ZB3Az3/33zRxDA=
github.com/torsec/k8s-pod-attestation/pkg/model v0.0.0-20250331152135-a36bce465dba h1:irPVsgTQEn5pVtFvy2Mm8jlYS0eLcV5rEp/kYYA8H1g=
github.com/torsec/k8s-pod-attestation/pkg/model v0.0.0-20250331152135-a36bce465dba/go.mod h1:xuCsD8+9JfcbUVeXbd0KS9hnVMJA0ZB3Az3/33zRxDA=
github.com/torsec/k8s-pod-attestation/pkg/model v0.0.0-20250401084726-0027f8473ca8 h1:P+/+swbxelXZwJARDh7UAFuqVQJiLupaM9LnqjXWHxw=
github.com/torsec/k8s-pod-attestation/pkg/model v0.0.0-20250401084726-0027f8473ca8/go.mod h1:xuCsD8+9JfcbUVeXbd0KS9hnVMJA0ZB3Az3/33zRxDA=
github.com/torsec/k8s-pod-attestation/pkg/model v0.0.0-20250401121408-22b7b995c1dc h1:Z+isrw/nB8y8SvDwHkvieOtUJWZcAuGERscikMbVCzk=
github.com/torsec/k8s-pod-attestation/pkg/model v0.0.0-20250401121408-22b7b995c1dc/go.mod h1:xuCsD8+9JfcbUVeXbd0KS9hnVMJA0ZB3Az3/33zRxDA=
github.com/torsec/k8s-pod-attestation/pkg/model v0.0.0-20250401150006-d678a7d856b5 h1:GytOX0BlzgbRsrDez6a9+DXgmLrI4lZgZBI0jd4EsYk=
github.com/torsec/k8s-pod-attestation/pkg/model v0.0.0-20250401150006-d678a7d856b5/go.mod h1:xuCsD8+9JfcbUVeXbd0KS9hnVMJA0ZB3Az3/33zRxDA=
github.com/torsec/k8s-pod-attestation/pkg/model v0.0.0-20250401164944-a25aa54fb976 h1:YMf5Sm8oOVrK/6JXmjtv1sNykLHs000K5XO0vAVNopU=
github.com/torsec/k8s-pod-attestation/pkg/model v0.0.0-20250401164944-a25aa54fb976/go.mod h1:xuCsD8+9JfcbUVeXbd0KS9hnVMJA0ZB3Az3/33zRxDA=
github.com/torsec/k8s-pod-attestation/pkg/model v0.0.0-20250401192908-aae873fd7821 h1:cQRPdK6Rru1EP3rebvW10lAEoySLUd1dmaqjNQL/oao=
github.com/torsec/k8s-pod-attestation/pkg/model v0.0.0-20250401192908-aae873fd7821/go.mod h1:xuCsD8+9JfcbUVeXbd0KS9hnVMJA0ZB3Az3/33zRxDA=
github.com/torsec/k8s-pod-attestation/pkg/model v0.0.0-20250402095813-1d681c5e3cf9 h1:0GCvAMifEmQSx1c92uLTE5p3iJ4LijgV8+bi4u3Nvzo=
github.com/torsec/k8s-pod-attestation/pkg/model v0.0.0-20250402095813-1d681c5e3cf9/go.mod h1:xuCsD8+9JfcbUVeXbd0KS9hnVMJA0ZB3Az3/33zRxDA=
github.com/torsec/k8s-pod-attestation/pkg/model v0.0.0-20250402110444-f62cb6b32280 h1:UWJM0UFRLt+VxlP1rF6iKoh/nJo+jrs02pYbODlwW7o=
github.com/torsec/k8s-pod-attestation/pkg/model v0.0.0-20250402110444-f62cb6b32280/go.mod h1:xuCsD8+9JfcbUVeXbd0KS9hnVMJA0ZB3Az3/33zRxDA=
github.com/torsec/k8s-pod-attestation/pkg/model v0.0.0-20250402123629-48d30d0c63fb h1:h9/x/wpYtGWpzkw4NUfxMbwQkZV8zKiAfl7TyGNwcLM=
github.com/torsec/k8s-pod-attestation/pkg/model v0.0.0-20250402123629-48d30d0c63fb/go.mod h1:xuCsD8+9JfcbUVeXbd0KS9hnVMJA0ZB3Az3/33zRxDA=
github.com/torsec/k8s-pod-attestation/pkg/model v0.0.0-20250402133531-23a39779cf54 h1:yr7TLn6iicv1lPJ7DMHn3UU2LLsvjWq5dQ4b6VFHynU=
github.com/torsec/k8s-pod-attestation/pkg/model v0.0.0-20250402133531-23a39779cf54/go.mod h1:xuCsD8+9JfcbUVeXbd0KS9hnVMJA0ZB3Az3/33zRxDA=
github.com/torsec/k8s-pod-attestation/pkg/model v0.0.0-20250402142050-54878dcb42ed h1:kb+ZhpqA8Yu9Fywx5/liHEf9hF7WW4ndxWwmxtvi6Mk=
github.com/torsec/k8s-pod-attestation/pkg/model v0.0.0-20250402142050-54878dcb42ed/go.mod h1:xuCsD8+9JfcbUVeXbd0KS9hnVMJA0ZB3Az3/33zRxDA=
github.com/torsec/k8s-pod-attestation/pkg/model v0.0.0-20250402154414-b85a54c368d4 h1:eUb1rD3yMFCsL5obruLdBeyaGdiYDI2K130hz08jq9Y=
github.com/torsec/k8s-pod-attestation/pkg/model v0.0.0-20250402154414-b85a54c368d4/go.mod h1:xuCsD8+9JfcbUVeXbd0KS9hnVMJA0ZB3Az3/33zRxDA=
github.com/torsec/k8s-pod-attestation/pkg/model v0.0.0-20250402163006-1febba09d409 h1:Y9SBYBxrvO3HywZ+FAw8b1go/GFu4S/CADnsU7l+VwU=
github.com/torsec/k8s-pod-attestation/pkg/model v0.0.0-20250402163006-1febba09d409/go.mod h1:xuCsD8+9JfcbUVeXbd0KS9hnVMJA0ZB3Az3/33zRxDA=
github.com/torsec/k8s-pod-attestation/pkg/model v0.0.0-20250402192317-f44350d8cb40 h1:2ikEBOr78fAYmP1ry6rnBJa83JO9htGqfvHYIHnh3gY=
github.com/torsec/k8s-pod-attestation/pkg/model v0.0.0-20250402192317-f44350d8cb40/go.mod h1:xuCsD8+9JfcbUVeXbd0KS9hnVMJA0ZB3Az3/33zRxDA=
github.com/torsec/k8s-pod-attestation/pkg/model v0.0.0-20250403095655-24f42a48e22a h1:Z8dvYLWuKxBwS1c5NYFsYqCLRP3cXybZrNf6k+rOb2U=
github.com/torsec/k8s-pod-attestation/pkg/model v0.0.0-20250403095655-24f42a48e22a/go.mod h1:xuCsD8+9JfcbUVeXbd0KS9hnVMJA0ZB3Az3/33zRxDA=
go.uber.org/multierr v1.11.0 h1:blXXJkSxSSfBVBlC76pxqeO+LN3aDfLQo+309xJstO0=
go.uber.org/multierr v1.11.0/go.mod h1:20+QtiLqy0Nd6FdQB9TLXag12DsQkrbs3htMFfDN80Y=
golang.org/x/crypto v0.31.0 h1:ihbySMvVjLAeSH1IbfcRTkD/iNscyz8rGzjF/E5hV6U=
golang.org/x/crypto v0.31.0/go.mod h1:kDsLvtWBEx7MV9tJOj9bnXsPbxwJQ6csT/x4KIN4Ssk=
golang.org/x/crypto v0.36.0 h1:AnAEvhDddvBdpY+uR+MyHmuZzzNqXSe/GvuDeob5L34=
golang.org/x/crypto v0.36.0/go.mod h1:Y4J0ReaxCR1IMaabaSMugxJES1EpwhBHhv2bDHklZvc=
golang.org/x/exp v0.0.0-20240531132922-fd00a4e0eefc h1:O9NuF4s+E/PvMIy+9IUZB9znFwUIXEWSstNjek6VpVg=
golang.org/x/exp v0.0.0-20240531132922-fd00a4e0eefc/go.mod h1:XtvwrStGgqGPLc4cjQfWqZHG1YFdYs6swckp8vpsjnc=
golang.org/x/sys v0.0.0-20210426230700-d19ff857e887/go.mod h1:h1NjWce9XRLGQEsW7wpKNCjG9DtNlClVuFLEZdDNbEs=
golang.org/x/sys v0.0.0-20220811171246-fbc7d0a398ab/go.mod h1:oPkhp1MJrh7nUepCBck5+mAzfO9JrbApNNgaTdGDITg=
golang.org/x/sys v0.6.0/go.mod h1:oPkhp1MJrh7nUepCBck5+mAzfO9JrbApNNgaTdGDITg=
golang.org/x/sys v0.28.0 h1:Fksou7UEQUWlKvIdsqzJmUmCX3cZuD2+P3XyyzwMhlA=
golang.org/x/sys v0.28.0/go.mod h1:/VUhepiaJMQUp4+oa/7Zr1D23ma6VTLIYjOOTFZPUcA=
golang.org/x/sys v0.31.0 h1:ioabZlmFYtWhL+TRYpcnNlLwhyxaM9kWTDEmfnprqik=
golang.org/x/sys v0.31.0/go.mod h1:BJP2sWEmIv4KK5OTEluFJCKSidICx8ciO85XgH3Ak8k=
google.golang.org/protobuf v1.35.1 h1:m3LfL6/Ca+fqnjnlqQXNpFPABW1UD7mjh8KO2mKFytA=
google.golang.org/protobuf v1.35.1/go.mod h1:9fA7Ob0pmnwhb644+1+CVWFRbNajQ6iRojtC/QF5bRE=
google.golang.org/protobuf v1.36.6 h1:z1NpPI8ku2WgiWnf+t9wTPsn6eP1L7ksHUlkfLvd9xY=
google.golang.org/protobuf v1.36.6/go.mod h1:jduwjTPXsFjZGTmRluh+L6NjiWu7pchiJ2/5YcXBHnY=
gopkg.in/yaml.v3 v3.0.1 h1:fxVm/GzAzEWqLHuvctI91KS9hhNmmWOoWu0XTYJS7CA=
gopkg.in/yaml.v3 v3.0.1/go.mod h1:K4uyk7z7BCEPqu6E+C64Yfv1cQ7kz7rIZviUmN+EgEM=
