github.com/google/go-attestation v0.5.1 h1:jqtOrLk5MNdliTKjPbIPrAaRKJaKW+0LIU2n/brJYms=
github.com/google/go-attestation v0.5.1/go.mod h1:KqGatdUhg5kPFkokyzSBDxwSCFyRgIgtRkMp6c3lOBQ=
github.com/torsec/k8s-pod-attestation/pkg/model v0.0.0-20250218104700-a59528e40450 h1:43OP0Rbkhi3sODjgtgNemXP+ZFgpw2wbArelrNScZMo=
github.com/torsec/k8s-pod-attestation/pkg/model v0.0.0-20250218104700-a59528e40450/go.mod h1:xuCsD8+9JfcbUVeXbd0KS9hnVMJA0ZB3Az3/33zRxDA=
