github.com/bytedance/sonic v1.13.1 h1:Jyd5CIvdFnkOWuKXr+wm4Nyk2h0yAFsr8ucJgEasO3g=
github.com/bytedance/sonic v1.13.1/go.mod h1:o68xyaF9u2gvVBuGHPlUVCy+ZfmNNO5ETf1+KgkJhz4=
github.com/bytedance/sonic v1.13.2 h1:8/H1FempDZqC4VqjptGo14QQlJx8VdZJegxs6wwfqpQ=
github.com/bytedance/sonic v1.13.2/go.mod h1:o68xyaF9u2gvVBuGHPlUVCy+ZfmNNO5ETf1+KgkJhz4=
github.com/bytedance/sonic/loader v0.1.1/go.mod h1:ncP89zfokxS5LZrJxl5z0UJcsk4M4yY2JpfqGeCtNLU=
github.com/bytedance/sonic/loader v0.2.4 h1:ZWCw4stuXUsn1/+zQDqeE7JKP+QO47tz7QCNan80NzY=
github.com/bytedance/sonic/loader v0.2.4/go.mod h1:N8A3vUdtUebEY2/VQC0MyhYeKUFosQU6FxH2JmUe6VI=
github.com/cloudwego/base64x v0.1.5 h1:XPciSp1xaq2VCSt6lF0phncD4koWyULpl5bUxbfCyP4=
github.com/cloudwego/base64x v0.1.5/go.mod h1:0zlkT4Wn5C6NdauXdJRhSKRlJvmclQ1hhJgA0rcu/8w=
github.com/cloudwego/iasm v0.2.0/go.mod h1:8rXZaNYT2n95jn+zTI1sDr+IgcD2GVs0nlbbQPiEFhY=
github.com/davecgh/go-spew v1.1.0/go.mod h1:J7Y8YcW2NihsgmVo/mv3lAwl/skON4iLHjSsI+c5H38=
github.com/davecgh/go-spew v1.1.1 h1:vj9j/u1bqnvCEfJOwUhtlOARqs3+rkHYY13jYWTU97c=
github.com/davecgh/go-spew v1.1.1/go.mod h1:J7Y8YcW2NihsgmVo/mv3lAwl/skON4iLHjSsI+c5H38=
github.com/fatih/color v1.18.0 h1:S8gINlzdQ840/4pfAwic/ZE0djQEH3wM94VfqLTZcOM=
github.com/fatih/color v1.18.0/go.mod h1:4FelSpRwEGDpQ12mAdzqdOukCy4u8WUtOY6lkT/6HfU=
github.com/gabriel-vasile/mimetype v1.4.8 h1:FfZ3gj38NjllZIeJAmMhr+qKL8Wu+nOoI3GqacKw1NM=
github.com/gabriel-vasile/mimetype v1.4.8/go.mod h1:ByKUIKGjh1ODkGM1asKUbQZOLGrPjydw3hYPU2YU9t8=
github.com/gin-contrib/sse v1.0.0 h1:y3bT1mUWUxDpW4JLQg/HnTqV4rozuW4tC9eFKTxYI9E=
github.com/gin-contrib/sse v1.0.0/go.mod h1:zNuFdwarAygJBht0NTKiSi3jRf6RbqeILZ9Sp6Slhe0=
github.com/gin-gonic/gin v1.10.0 h1:nTuyha1TYqgedzytsKYqna+DfLos46nTv2ygFy86HFU=
github.com/gin-gonic/gin v1.10.0/go.mod h1:4PMNQiOhvDRa013RKVbsiNwoyezlm2rm0uX/T7kzp5Y=
github.com/go-playground/assert/v2 v2.2.0 h1:JvknZsQTYeFEAhQwI4qEt9cyV5ONwRHC+lYKSsYSR8s=
github.com/go-playground/assert/v2 v2.2.0/go.mod h1:VDjEfimB/XKnb+ZQfWdccd7VUvScMdVu0Titje2rxJ4=
github.com/go-playground/locales v0.14.1 h1:EWaQ/wswjilfKLTECiXz7Rh+3BjFhfDFKv/oXslEjJA=
github.com/go-playground/locales v0.14.1/go.mod h1:hxrqLVvrK65+Rwrd5Fc6F2O76J/NuW9t0sjnWqG1slY=
github.com/go-playground/universal-translator v0.18.1 h1:Bcnm0ZwsGyWbCzImXv+pAJnYK9S473LQFuzCbDbfSFY=
github.com/go-playground/universal-translator v0.18.1/go.mod h1:xekY+UJKNuX9WP91TpwSH2VMlDf28Uj24BCp08ZFTUY=
github.com/go-playground/validator/v10 v10.25.0 h1:5Dh7cjvzR7BRZadnsVOzPhWsrwUr0nmsZJxEAnFLNO8=
github.com/go-playground/validator/v10 v10.25.0/go.mod h1:GGzBIJMuE98Ic/kJsBXbz1x/7cByt++cQ+YOuDM5wus=
github.com/go-playground/validator/v10 v10.26.0 h1:SP05Nqhjcvz81uJaRfEV0YBSSSGMc/iMaVtFbr3Sw2k=
github.com/go-playground/validator/v10 v10.26.0/go.mod h1:I5QpIEbmr8On7W0TktmJAumgzX4CA1XNl4ZmDuVHKKo=
github.com/goccy/go-json v0.10.5 h1:Fq85nIqj+gXn/S5ahsiTlK3TmC85qgirsdTP/+DeaC4=
github.com/goccy/go-json v0.10.5/go.mod h1:oq7eo15ShAhp70Anwd5lgX2pLfOS3QCiwU/PULtXL6M=
github.com/golang/protobuf v1.5.4 h1:i7eJL8qZTpSEXOPTxNKhASYpMn+8e5Q6AdndVa1dWek=
github.com/golang/protobuf v1.5.4/go.mod h1:lnTiLA8Wa4RWRcIUkrtSVa5nRhsEGBg48fD6rSs7xps=
github.com/google/certificate-transparency-go v1.1.2 h1:4hE0GEId6NAW28dFpC+LrRGwQX5dtmXQGDbg8+/MZOM=
github.com/google/certificate-transparency-go v1.1.2/go.mod h1:3OL+HKDqHPUfdKrHVQxO6T8nDLO0HF7LRTlkIWXaWvQ=
github.com/google/gce-tcb-verifier v0.2.3-0.20240905212129-12f728a62786 h1:1ijRI0+jsZCl3CqeJG3Cib6w+wYCBlD/rWRo5a+ZME4=
github.com/google/gce-tcb-verifier v0.2.3-0.20240905212129-12f728a62786/go.mod h1:Jvv9i6JF1t7sDVW09zP2x+9vN3lcujtih2Zb/lVXaLs=
github.com/google/go-attestation v0.5.1 h1:jqtOrLk5MNdliTKjPbIPrAaRKJaKW+0LIU2n/brJYms=
github.com/google/go-attestation v0.5.1/go.mod h1:KqGatdUhg5kPFkokyzSBDxwSCFyRgIgtRkMp6c3lOBQ=
github.com/google/go-cmp v0.6.0 h1:ofyhxvXcZhMsU5ulbFiLKl/XBFqE1GSq7atu8tAmTRI=
github.com/google/go-cmp v0.6.0/go.mod h1:17dUlkBOakJ0+DkrSSNjCkIjxS6bF9zb3elmeNGIjoY=
github.com/google/go-configfs-tsm v0.3.3-0.20240919001351-b4b5b84fdcbc h1:SG12DWUUM5igxm+//YX5Yq4vhdoRnOG9HkCodkOn+YU=
github.com/google/go-configfs-tsm v0.3.3-0.20240919001351-b4b5b84fdcbc/go.mod h1:EL1GTDFMb5PZQWDviGfZV9n87WeGTR/JUg13RfwkgRo=
github.com/google/go-eventlog v0.0.2-0.20241003021507-01bb555f7cba h1:05m5+kgZjxYUZrx3bZfkKHl6wkch+Khao6N21rFHInk=
github.com/google/go-eventlog v0.0.2-0.20241003021507-01bb555f7cba/go.mod h1:7huE5P8w2NTObSwSJjboHmB7ioBNblkijdzoVa2skfQ=
github.com/google/go-sev-guest v0.12.1 h1:H4rFYnPIn8HtqEsNTmh56Zxcf9BI9n48ZSYCnpYLYvc=
github.com/google/go-sev-guest v0.12.1/go.mod h1:SK9vW+uyfuzYdVN0m8BShL3OQCtXZe/JPF7ZkpD3760=
github.com/google/go-sev-guest v0.13.0 h1:DJB6ACdykyweMU0HGOp/TQ7cjsnbV2ecbYunu2E0qy0=
github.com/google/go-sev-guest v0.13.0/go.mod h1:SK9vW+uyfuzYdVN0m8BShL3OQCtXZe/JPF7ZkpD3760=
github.com/google/go-tdx-guest v0.3.2-0.20241009005452-097ee70d0843 h1:+MoPobRN9HrDhGyn6HnF5NYo4uMBKaiFqAtf/D/OB4A=
github.com/google/go-tdx-guest v0.3.2-0.20241009005452-097ee70d0843/go.mod h1:g/n8sKITIT9xRivBUbizo34DTsUm2nN2uU3A662h09g=
github.com/google/go-tpm v0.9.3 h1:+yx0/anQuGzi+ssRqeD6WpXjW2L/V0dItUayO0i9sRc=
github.com/google/go-tpm v0.9.3/go.mod h1:h9jEsEECg7gtLis0upRBQU+GhYVH6jMjrFxI8u6bVUY=
github.com/google/go-tpm-tools v0.4.5 h1:3fhthtyMDbIZFR5/0y1hvUoZ1Kf4i1eZ7C73R4Pvd+k=
github.com/google/go-tpm-tools v0.4.5/go.mod h1:ktjTNq8yZFD6TzdBFefUfen96rF3NpYwpSb2d8bc+Y8=
github.com/google/go-tspi v0.3.0 h1:ADtq8RKfP+jrTyIWIZDIYcKOMecRqNJFOew2IT0Inus=
github.com/google/go-tspi v0.3.0/go.mod h1:xfMGI3G0PhxCdNVcYr1C4C+EizojDg/TXuX5by8CiHI=
github.com/google/gofuzz v1.0.0/go.mod h1:dBl0BpW6vV/+mYPU4Po3pmUjxk6FQPldtuIdl/M65Eg=
github.com/google/logger v1.1.1 h1:+6Z2geNxc9G+4D4oDO9njjjn2d0wN5d7uOo0vOIW1NQ=
github.com/google/logger v1.1.1/go.mod h1:BkeJZ+1FhQ+/d087r4dzojEg1u2ZX+ZqG1jTUrLM+zQ=
github.com/google/uuid v1.6.0 h1:NIvaJDMOsjHA8n1jAhLSgzrAzy1Hgr+hNrb57e+94F0=
github.com/google/uuid v1.6.0/go.mod h1:TIyPZe4MgqvfeYDBFedMoGGpEw/LqOeaOT+nhxU+yHo=
github.com/json-iterator/go v1.1.12 h1:PV8peI4a0ysnczrg+LtxykD8LfKY9ML6u2jnxaEnrnM=
github.com/json-iterator/go v1.1.12/go.mod h1:e30LSqwooZae/UwlEbR2852Gd8hjQvJoHmT4TnhNGBo=
github.com/klauspost/cpuid/v2 v2.0.9/go.mod h1:FInQzS24/EEf25PyTYn52gqo7WaD8xa0213Md/qVLRg=
github.com/klauspost/cpuid/v2 v2.2.10 h1:tBs3QSyvjDyFTq3uoc/9xFpCuOsJQFNPiAhYdw2skhE=
github.com/klauspost/cpuid/v2 v2.2.10/go.mod h1:hqwkgyIinND0mEev00jJYCxPNVRVXFQeu1XKlok6oO0=
github.com/knz/go-libedit v1.10.1/go.mod h1:MZTVkCWyz0oBc7JOWP3wNAzd002ZbM/5hgShxwh4x8M=
github.com/leodido/go-urn v1.4.0 h1:WT9HwE9SGECu3lg4d/dIA+jxlljEa1/ffXKmRjqdmIQ=
github.com/leodido/go-urn v1.4.0/go.mod h1:bvxc+MVxLKB4z00jd1z+Dvzr47oO32F/QSNjSBOlFxI=
github.com/mattn/go-colorable v0.1.14 h1:9A9LHSqF/7dyVVX6g0U9cwm9pG3kP9gSzcuIPHPsaIE=
github.com/mattn/go-colorable v0.1.14/go.mod h1:6LmQG8QLFO4G5z1gPvYEzlUgJ2wF+stgPZH1UqBm1s8=
github.com/mattn/go-isatty v0.0.20 h1:xfD0iDuEKnDkl03q4limB+vH+GxLEtL/jb4xVJSWWEY=
github.com/mattn/go-isatty v0.0.20/go.mod h1:W+V8PltTTMOvKvAeJH7IuucS94S2C6jfK/D7dTCTo3Y=
github.com/modern-go/concurrent v0.0.0-20180228061459-e0a39a4cb421/go.mod h1:6dJC0mAP4ikYIbvyc7fijjWJddQyLn8Ig3JB5CqoB9Q=
github.com/modern-go/concurrent v0.0.0-20180306012644-bacd9c7ef1dd h1:TRLaZ9cD/w8PVh93nsPXa1VrQ6jlwL5oN8l14QlcNfg=
github.com/modern-go/concurrent v0.0.0-20180306012644-bacd9c7ef1dd/go.mod h1:6dJC0mAP4ikYIbvyc7fijjWJddQyLn8Ig3JB5CqoB9Q=
github.com/modern-go/reflect2 v1.0.2 h1:xBagoLtFs94CBntxluKeaWgTMpvLxC4ur3nMaC9Gz0M=
github.com/modern-go/reflect2 v1.0.2/go.mod h1:yWuevngMOJpCy52FWWMvUC8ws7m/LJsjYzDa0/r8luk=
github.com/pelletier/go-toml/v2 v2.2.3 h1:YmeHyLY8mFWbdkNWwpr+qIL2bEqT0o95WSdkNHvL12M=
github.com/pelletier/go-toml/v2 v2.2.3/go.mod h1:MfCQTFTvCcUyyvvwm1+G6H/jORL20Xlb6rzQu9GuUkc=
github.com/pkg/errors v0.9.1 h1:FEBLx1zS214owpjy7qsBeixbURkuhQAwrK5UwLGTwt4=
github.com/pkg/errors v0.9.1/go.mod h1:bwawxfHBFNV+L2hUp1rHADufV3IMtnDRdf1r5NINEl0=
github.com/pmezard/go-difflib v1.0.0 h1:4DBwDE0NGyQoBHbLQYPwSUPoCMWR5BEzIk/f1lZbAQM=
github.com/pmezard/go-difflib v1.0.0/go.mod h1:iKH77koFhYxTK1pcRnkKkqfTogsbg7gZNVY4sRDYZ/4=
github.com/stretchr/objx v0.1.0/go.mod h1:HFkY916IF+rwdDfMAkV7OtwuqBVzrE8GR6GFx+wExME=
github.com/stretchr/objx v0.4.0/go.mod h1:YvHI0jy2hoMjB+UWwv71VJQ9isScKT/TqJzVSSt89Yw=
github.com/stretchr/objx v0.5.0/go.mod h1:Yh+to48EsGEfYuaHDzXPcE3xhTkx73EhmCGUpEOglKo=
github.com/stretchr/objx v0.5.2/go.mod h1:FRsXN1f5AsAjCGJKqEizvkpNtU+EGNCLh3NxZ/8L+MA=
github.com/stretchr/testify v1.3.0/go.mod h1:M5WIy9Dh21IEIfnGCwXGc5bZfKNJtfHm1UVUgZn+9EI=
github.com/stretchr/testify v1.7.0/go.mod h1:6Fq8oRcR53rry900zMqJjRRixrwX3KX962/h/Wwjteg=
github.com/stretchr/testify v1.7.1/go.mod h1:6Fq8oRcR53rry900zMqJjRRixrwX3KX962/h/Wwjteg=
github.com/stretchr/testify v1.8.0/go.mod h1:yNjHg4UonilssWZ8iaSj1OCr/vHnekPRkoO+kdMU+MU=
github.com/stretchr/testify v1.8.1/go.mod h1:w2LPCIKwWwSfY2zedu0+kehJoqGctiVI29o6fzry7u4=
github.com/stretchr/testify v1.8.4/go.mod h1:sz/lmYIOXD/1dqDmKjjqLyZ2RngseejIcXlSw2iwfAo=
github.com/stretchr/testify v1.10.0 h1:Xv5erBjTwe/5IxqUQTdXv5kgmIvbHo3QQyRwhJsOfJA=
github.com/stretchr/testify v1.10.0/go.mod h1:r2ic/lqez/lEtzL7wO/rwa5dbSLXVDPFyf8C91i36aY=
github.com/torsec/k8s-pod-attestation/pkg/agent v0.0.0-20250325140408-3dced9a9594e h1:wsJNrAF93r6zM9pSMH1emuB6gFnKiiEjwQcE6D1F8to=
github.com/torsec/k8s-pod-attestation/pkg/agent v0.0.0-20250325140408-3dced9a9594e/go.mod h1:1kYtUqxIv96T+qAQXuj3wO83R2EE2ctXee2u2e3Bb1U=
github.com/torsec/k8s-pod-attestation/pkg/agent v0.0.0-20250331152135-a36bce465dba h1:4/jIyR9tbjXQhVIR8PQkK3XXKp3gn8blTva6VT5SluQ=
github.com/torsec/k8s-pod-attestation/pkg/agent v0.0.0-20250331152135-a36bce465dba/go.mod h1:B6eJKbc7DR8S4ioGOOQfa9vzlDKY55opHFY9dlWLafw=
github.com/torsec/k8s-pod-attestation/pkg/agent v0.0.0-20250401084726-0027f8473ca8 h1:FXuO9O4+nkuE5fv5e9H7NnNearaQZo7Oz4FwqCbLNBI=
github.com/torsec/k8s-pod-attestation/pkg/agent v0.0.0-20250401084726-0027f8473ca8/go.mod h1:B6eJKbc7DR8S4ioGOOQfa9vzlDKY55opHFY9dlWLafw=
github.com/torsec/k8s-pod-attestation/pkg/agent v0.0.0-20250401145158-f86f8dc3cdd9 h1:LnMw00ZJLtHfiqZl53FJmsf8SmKeFLBQifMXJ1Lq6f4=
github.com/torsec/k8s-pod-attestation/pkg/agent v0.0.0-20250401145158-f86f8dc3cdd9/go.mod h1:qMP61+e9I33MiuQXhOXVxgmgsGJzod1IQBgVSeONgRQ=
github.com/torsec/k8s-pod-attestation/pkg/agent v0.0.0-20250401150006-d678a7d856b5 h1:Aebp96Vlv2XHL7ROks8fDQAbuspV2LGOjCrH8ZNc7zE=
github.com/torsec/k8s-pod-attestation/pkg/agent v0.0.0-20250401150006-d678a7d856b5/go.mod h1:M0ULRhGREVoWWIB279Ora2rK19Mp6FdmCa/kz5It8Dc=
github.com/torsec/k8s-pod-attestation/pkg/agent v0.0.0-20250401164944-a25aa54fb976 h1:ylbS+zBt4/Oy2ldfJsiYvipu5M29KqZeXqqreXwi5Hk=
github.com/torsec/k8s-pod-attestation/pkg/agent v0.0.0-20250401164944-a25aa54fb976/go.mod h1:M0ULRhGREVoWWIB279Ora2rK19Mp6FdmCa/kz5It8Dc=
github.com/torsec/k8s-pod-attestation/pkg/agent v0.0.0-20250401192908-aae873fd7821 h1:q4IgGHbzR7Jkcvj0NJEXK9orLVHdN8KPs6V0MPFcx+E=
github.com/torsec/k8s-pod-attestation/pkg/agent v0.0.0-20250401192908-aae873fd7821/go.mod h1:+JdJnTBOtUfPczSxAq8avvwLEqe13Cqj+ZjANMR6/3I=
github.com/torsec/k8s-pod-attestation/pkg/agent v0.0.0-20250402095813-1d681c5e3cf9 h1:S25mISYyN/741JIdghJs8esAEMo3s0fnTUJbbTfX41E=
github.com/torsec/k8s-pod-attestation/pkg/agent v0.0.0-20250402095813-1d681c5e3cf9/go.mod h1:gh6O3/xwzwoKVNEP4aKqWHozJ1q4HdMfRxBz4yzRDxw=
github.com/torsec/k8s-pod-attestation/pkg/agent v0.0.0-20250402123629-48d30d0c63fb h1:dB5cTB99Yww08yCgPKyl9BOuvRNtUxlnGW13XtjWVQo=
github.com/torsec/k8s-pod-attestation/pkg/agent v0.0.0-20250402123629-48d30d0c63fb/go.mod h1:fnTW7QDDN57VKBazM6VVVCMgfZy62d7d4DJ4h8I8ayg=
github.com/torsec/k8s-pod-attestation/pkg/agent v0.0.0-20250402133531-23a39779cf54 h1:VbT8s7qmx3mxyyHUJq4+CmmmdBJgQMoO9jTh19H3Kt8=
github.com/torsec/k8s-pod-attestation/pkg/agent v0.0.0-20250402133531-23a39779cf54/go.mod h1:c8AN+7M6SHWhLsHHPPN033j4gYq7NFCtWxPmWzwEJvU=
github.com/torsec/k8s-pod-attestation/pkg/agent v0.0.0-20250402142050-54878dcb42ed h1:Scc5NlBssI5ch26QD+38VwsOIa8rPasf4ewWq6t7iqg=
github.com/torsec/k8s-pod-attestation/pkg/agent v0.0.0-20250402142050-54878dcb42ed/go.mod h1:c8AN+7M6SHWhLsHHPPN033j4gYq7NFCtWxPmWzwEJvU=
github.com/torsec/k8s-pod-attestation/pkg/agent v0.0.0-20250402154414-b85a54c368d4 h1:FBwUmEfktbBbG513HLhyAOLNU8QjMnxm3PsYIpDxotE=
github.com/torsec/k8s-pod-attestation/pkg/agent v0.0.0-20250402154414-b85a54c368d4/go.mod h1:/09oF+8cY75xHpkPu6a+IBx9NZM15YMwbss39ZPK9IU=
github.com/torsec/k8s-pod-attestation/pkg/crypto v0.0.0-20250317100447-d809d0ceff4c h1:I4Ok4UPdujCiuB+lv4KqGOT1AmP8WJ9mMsIyG9oImss=
github.com/torsec/k8s-pod-attestation/pkg/crypto v0.0.0-20250317100447-d809d0ceff4c/go.mod h1:K4aAXIgL8IN63Rb2+10gsWmiUslhlnl4DufSaQHangY=
github.com/torsec/k8s-pod-attestation/pkg/crypto v0.0.0-20250331152135-a36bce465dba h1:/eq4QDLx/oloWU60PDnQjNnCtxTAVHrCoH7l2A+1zYI=
github.com/torsec/k8s-pod-attestation/pkg/crypto v0.0.0-20250331152135-a36bce465dba/go.mod h1:K4aAXIgL8IN63Rb2+10gsWmiUslhlnl4DufSaQHangY=
github.com/torsec/k8s-pod-attestation/pkg/crypto v0.0.0-20250401084726-0027f8473ca8 h1:/hjQC1S59AvjmzQgFHyHcSJThRgngQr/AdcifAKZ8G8=
github.com/torsec/k8s-pod-attestation/pkg/crypto v0.0.0-20250401084726-0027f8473ca8/go.mod h1:K4aAXIgL8IN63Rb2+10gsWmiUslhlnl4DufSaQHangY=
github.com/torsec/k8s-pod-attestation/pkg/crypto v0.0.0-20250401121408-22b7b995c1dc h1:1RNISfNBnIV4j7CU8QUhRncSV9oKUvYTABHRUmOu8g4=
github.com/torsec/k8s-pod-attestation/pkg/crypto v0.0.0-20250401121408-22b7b995c1dc/go.mod h1:lMBbAa+VYEcxnVkub3qyD5htz8q6kl6yVmHG+jZKmB0=
github.com/torsec/k8s-pod-attestation/pkg/crypto v0.0.0-20250401150006-d678a7d856b5 h1:TfaQ1FYQbcvMqP4bDXmxcgQbnxgMopqTIOzDZCEYD+M=
github.com/torsec/k8s-pod-attestation/pkg/crypto v0.0.0-20250401150006-d678a7d856b5/go.mod h1:oa9Y8pGK958zl3Hz+vAPf/nELJYq6yQnbZSPvSv7pbo=
github.com/torsec/k8s-pod-attestation/pkg/crypto v0.0.0-20250401164944-a25aa54fb976 h1:8j6mz7OgEA/GLjdYO+Z++tta9g87ZaFXqjR+762Fif4=
github.com/torsec/k8s-pod-attestation/pkg/crypto v0.0.0-20250401164944-a25aa54fb976/go.mod h1:oa9Y8pGK958zl3Hz+vAPf/nELJYq6yQnbZSPvSv7pbo=
github.com/torsec/k8s-pod-attestation/pkg/crypto v0.0.0-20250401192908-aae873fd7821 h1:UuyqS1jD5c6RLy1pHtHWDZfHC2R8iND93jT//eWNqdU=
github.com/torsec/k8s-pod-attestation/pkg/crypto v0.0.0-20250401192908-aae873fd7821/go.mod h1:RoaXmob6DAPCEPH1vgbmPAAA0vtvthNsM8cbvT6a/Tw=
github.com/torsec/k8s-pod-attestation/pkg/crypto v0.0.0-20250402095813-1d681c5e3cf9 h1:wYdoszBnvlaOm4AAIyel1zXIWa3g/7DMLp/R6SwyKzs=
github.com/torsec/k8s-pod-attestation/pkg/crypto v0.0.0-20250402095813-1d681c5e3cf9/go.mod h1:y/xhgfcu0aJtnZZC1QX4VLuOXkxBUfmyQBMKpGaxT4c=
github.com/torsec/k8s-pod-attestation/pkg/crypto v0.0.0-20250402123629-48d30d0c63fb h1:7L3wC70GLKM/Be002nSjt7fv6W+juyzNSvYs/osSdTs=
github.com/torsec/k8s-pod-attestation/pkg/crypto v0.0.0-20250402123629-48d30d0c63fb/go.mod h1:QEKfHUr87K6PVDC8kK4IWFws0xrBJt4Pmzr1nzSyS/E=
github.com/torsec/k8s-pod-attestation/pkg/crypto v0.0.0-20250402133531-23a39779cf54 h1:rXW/QtF0o8+lEcWi1uNjblOhlxf4nze4gLDloGB5Rek=
github.com/torsec/k8s-pod-attestation/pkg/crypto v0.0.0-20250402133531-23a39779cf54/go.mod h1:oW/ATaenmJ+8HcK9Lo/90UjEnGvm9UrXqU2AwOUSYIw=
github.com/torsec/k8s-pod-attestation/pkg/crypto v0.0.0-20250402142050-54878dcb42ed h1:UVw9sRtDRhDT9BDHICV3wknqT4pMHjUTibHAij/Wqpk=
github.com/torsec/k8s-pod-attestation/pkg/crypto v0.0.0-20250402142050-54878dcb42ed/go.mod h1:oW/ATaenmJ+8HcK9Lo/90UjEnGvm9UrXqU2AwOUSYIw=
github.com/torsec/k8s-pod-attestation/pkg/logger v0.0.0-20250325140408-3dced9a9594e h1:LHrLPxFkHyEo+gXDFbKai+bGnCUPwAZGx5mCQN/L96I=
github.com/torsec/k8s-pod-attestation/pkg/logger v0.0.0-20250325140408-3dced9a9594e/go.mod h1:pP/DpVLMzgLxrc+4AYwjlUolcrIY19P12+RPWCaz/pQ=
github.com/torsec/k8s-pod-attestation/pkg/logger v0.0.0-20250331152135-a36bce465dba h1:HygBx01BAMOqjQL4DWtN1cvYD3mP0ZGoyVkim2vNxGM=
github.com/torsec/k8s-pod-attestation/pkg/logger v0.0.0-20250331152135-a36bce465dba/go.mod h1:pP/DpVLMzgLxrc+4AYwjlUolcrIY19P12+RPWCaz/pQ=
github.com/torsec/k8s-pod-attestation/pkg/logger v0.0.0-20250401084726-0027f8473ca8 h1:4EWIflUNSauHZBnp7zXoqKDBfsOeQDEiNVAKGU5jReo=
github.com/torsec/k8s-pod-attestation/pkg/logger v0.0.0-20250401084726-0027f8473ca8/go.mod h1:pP/DpVLMzgLxrc+4AYwjlUolcrIY19P12+RPWCaz/pQ=
github.com/torsec/k8s-pod-attestation/pkg/logger v0.0.0-20250401121408-22b7b995c1dc h1:HrpDT4xHgDInK3UyOjVHtSV+Uz0ULV0v90/ckGHHIqs=
github.com/torsec/k8s-pod-attestation/pkg/logger v0.0.0-20250401121408-22b7b995c1dc/go.mod h1:ZFwzdtvry6L00T1EBbo3D1Sj3Ktj10VhtXqsuuBaQcI=
github.com/torsec/k8s-pod-attestation/pkg/logger v0.0.0-20250401150006-d678a7d856b5 h1:SYYCi4/JHCpQ7Z55NToC1fVDce68tKJBWHLbrTEhrQk=
github.com/torsec/k8s-pod-attestation/pkg/logger v0.0.0-20250401150006-d678a7d856b5/go.mod h1:ZFwzdtvry6L00T1EBbo3D1Sj3Ktj10VhtXqsuuBaQcI=
github.com/torsec/k8s-pod-attestation/pkg/logger v0.0.0-20250401164944-a25aa54fb976 h1:7o9dLzymkT5wCcQ4srXtQXvSQcInucZ/LLxCKr98Keo=
github.com/torsec/k8s-pod-attestation/pkg/logger v0.0.0-20250401164944-a25aa54fb976/go.mod h1:ZFwzdtvry6L00T1EBbo3D1Sj3Ktj10VhtXqsuuBaQcI=
github.com/torsec/k8s-pod-attestation/pkg/logger v0.0.0-20250401192908-aae873fd7821 h1:CwpT9qksF+RbbywW1kggwrdszzRe5XmceCwPT3rBcY4=
github.com/torsec/k8s-pod-attestation/pkg/logger v0.0.0-20250401192908-aae873fd7821/go.mod h1:ZFwzdtvry6L00T1EBbo3D1Sj3Ktj10VhtXqsuuBaQcI=
github.com/torsec/k8s-pod-attestation/pkg/logger v0.0.0-20250402095813-1d681c5e3cf9 h1:qOOTqVD9HJzZM4k4YQuGMaCdx3U2L1CfHAyZ3Ilw94k=
github.com/torsec/k8s-pod-attestation/pkg/logger v0.0.0-20250402095813-1d681c5e3cf9/go.mod h1:ZFwzdtvry6L00T1EBbo3D1Sj3Ktj10VhtXqsuuBaQcI=
github.com/torsec/k8s-pod-attestation/pkg/logger v0.0.0-20250402123629-48d30d0c63fb h1:zG6ic1Br/6p++3ulKPyoOvqHXyhsZ81R84R+V01Eacg=
github.com/torsec/k8s-pod-attestation/pkg/logger v0.0.0-20250402123629-48d30d0c63fb/go.mod h1:ZFwzdtvry6L00T1EBbo3D1Sj3Ktj10VhtXqsuuBaQcI=
github.com/torsec/k8s-pod-attestation/pkg/logger v0.0.0-20250402133531-23a39779cf54 h1:fZsNGE41IKXOCuniDCqMsomgC2q0CEjWUpn/dMSw3kA=
github.com/torsec/k8s-pod-attestation/pkg/logger v0.0.0-20250402133531-23a39779cf54/go.mod h1:ZFwzdtvry6L00T1EBbo3D1Sj3Ktj10VhtXqsuuBaQcI=
github.com/torsec/k8s-pod-attestation/pkg/logger v0.0.0-20250402142050-54878dcb42ed h1:bOSQTQvHKrqZ0AjONz7TIcwcKajcEoz2VMfMzGIz5Es=
github.com/torsec/k8s-pod-attestation/pkg/logger v0.0.0-20250402142050-54878dcb42ed/go.mod h1:ZFwzdtvry6L00T1EBbo3D1Sj3Ktj10VhtXqsuuBaQcI=
github.com/torsec/k8s-pod-attestation/pkg/logger v0.0.0-20250402154414-b85a54c368d4 h1:/mwbsJ0sgB/jsuKg4aHtMQzSEAGSoSuC9XPiuQTgzzs=
github.com/torsec/k8s-pod-attestation/pkg/logger v0.0.0-20250402154414-b85a54c368d4/go.mod h1:ZFwzdtvry6L00T1EBbo3D1Sj3Ktj10VhtXqsuuBaQcI=
github.com/torsec/k8s-pod-attestation/pkg/model v0.0.0-20250317100447-d809d0ceff4c h1:BuLXWguF7HXsgu4Q/SU5ZVH794ykOaRExgzjejqeCos=
github.com/torsec/k8s-pod-attestation/pkg/model v0.0.0-20250317100447-d809d0ceff4c/go.mod h1:xuCsD8+9JfcbUVeXbd0KS9hnVMJA0ZB3Az3/33zRxDA=
github.com/torsec/k8s-pod-attestation/pkg/model v0.0.0-20250331152135-a36bce465dba h1:irPVsgTQEn5pVtFvy2Mm8jlYS0eLcV5rEp/kYYA8H1g=
github.com/torsec/k8s-pod-attestation/pkg/model v0.0.0-20250331152135-a36bce465dba/go.mod h1:xuCsD8+9JfcbUVeXbd0KS9hnVMJA0ZB3Az3/33zRxDA=
github.com/torsec/k8s-pod-attestation/pkg/model v0.0.0-20250401084726-0027f8473ca8 h1:P+/+swbxelXZwJARDh7UAFuqVQJiLupaM9LnqjXWHxw=
github.com/torsec/k8s-pod-attestation/pkg/model v0.0.0-20250401084726-0027f8473ca8/go.mod h1:xuCsD8+9JfcbUVeXbd0KS9hnVMJA0ZB3Az3/33zRxDA=
github.com/torsec/k8s-pod-attestation/pkg/model v0.0.0-20250401121408-22b7b995c1dc h1:Z+isrw/nB8y8SvDwHkvieOtUJWZcAuGERscikMbVCzk=
github.com/torsec/k8s-pod-attestation/pkg/model v0.0.0-20250401121408-22b7b995c1dc/go.mod h1:xuCsD8+9JfcbUVeXbd0KS9hnVMJA0ZB3Az3/33zRxDA=
github.com/torsec/k8s-pod-attestation/pkg/model v0.0.0-20250401145158-f86f8dc3cdd9 h1:3ThTElWX7v7bQzzaF4r1o0poMCLpOLIYN5ist+fyGLg=
github.com/torsec/k8s-pod-attestation/pkg/model v0.0.0-20250401145158-f86f8dc3cdd9/go.mod h1:xuCsD8+9JfcbUVeXbd0KS9hnVMJA0ZB3Az3/33zRxDA=
github.com/torsec/k8s-pod-attestation/pkg/model v0.0.0-20250401150006-d678a7d856b5 h1:GytOX0BlzgbRsrDez6a9+DXgmLrI4lZgZBI0jd4EsYk=
github.com/torsec/k8s-pod-attestation/pkg/model v0.0.0-20250401150006-d678a7d856b5/go.mod h1:xuCsD8+9JfcbUVeXbd0KS9hnVMJA0ZB3Az3/33zRxDA=
github.com/torsec/k8s-pod-attestation/pkg/model v0.0.0-20250401164944-a25aa54fb976 h1:YMf5Sm8oOVrK/6JXmjtv1sNykLHs000K5XO0vAVNopU=
github.com/torsec/k8s-pod-attestation/pkg/model v0.0.0-20250401164944-a25aa54fb976/go.mod h1:xuCsD8+9JfcbUVeXbd0KS9hnVMJA0ZB3Az3/33zRxDA=
github.com/torsec/k8s-pod-attestation/pkg/model v0.0.0-20250401192908-aae873fd7821 h1:cQRPdK6Rru1EP3rebvW10lAEoySLUd1dmaqjNQL/oao=
github.com/torsec/k8s-pod-attestation/pkg/model v0.0.0-20250401192908-aae873fd7821/go.mod h1:xuCsD8+9JfcbUVeXbd0KS9hnVMJA0ZB3Az3/33zRxDA=
github.com/torsec/k8s-pod-attestation/pkg/model v0.0.0-20250402095813-1d681c5e3cf9 h1:0GCvAMifEmQSx1c92uLTE5p3iJ4LijgV8+bi4u3Nvzo=
github.com/torsec/k8s-pod-attestation/pkg/model v0.0.0-20250402095813-1d681c5e3cf9/go.mod h1:xuCsD8+9JfcbUVeXbd0KS9hnVMJA0ZB3Az3/33zRxDA=
github.com/torsec/k8s-pod-attestation/pkg/model v0.0.0-20250402123629-48d30d0c63fb h1:h9/x/wpYtGWpzkw4NUfxMbwQkZV8zKiAfl7TyGNwcLM=
github.com/torsec/k8s-pod-attestation/pkg/model v0.0.0-20250402123629-48d30d0c63fb/go.mod h1:xuCsD8+9JfcbUVeXbd0KS9hnVMJA0ZB3Az3/33zRxDA=
github.com/torsec/k8s-pod-attestation/pkg/model v0.0.0-20250402133531-23a39779cf54 h1:yr7TLn6iicv1lPJ7DMHn3UU2LLsvjWq5dQ4b6VFHynU=
github.com/torsec/k8s-pod-attestation/pkg/model v0.0.0-20250402133531-23a39779cf54/go.mod h1:xuCsD8+9JfcbUVeXbd0KS9hnVMJA0ZB3Az3/33zRxDA=
github.com/torsec/k8s-pod-attestation/pkg/model v0.0.0-20250402142050-54878dcb42ed h1:kb+ZhpqA8Yu9Fywx5/liHEf9hF7WW4ndxWwmxtvi6Mk=
github.com/torsec/k8s-pod-attestation/pkg/model v0.0.0-20250402142050-54878dcb42ed/go.mod h1:xuCsD8+9JfcbUVeXbd0KS9hnVMJA0ZB3Az3/33zRxDA=
github.com/torsec/k8s-pod-attestation/pkg/model v0.0.0-20250402154414-b85a54c368d4 h1:eUb1rD3yMFCsL5obruLdBeyaGdiYDI2K130hz08jq9Y=
github.com/torsec/k8s-pod-attestation/pkg/model v0.0.0-20250402154414-b85a54c368d4/go.mod h1:xuCsD8+9JfcbUVeXbd0KS9hnVMJA0ZB3Az3/33zRxDA=
github.com/torsec/k8s-pod-attestation/pkg/tpm v0.0.0-20250317100447-d809d0ceff4c h1:sT6iDTZC7U50iHBSJL9PXyaQLBpK1dR75xkU7b0gAnk=
github.com/torsec/k8s-pod-attestation/pkg/tpm v0.0.0-20250317100447-d809d0ceff4c/go.mod h1:c36+cMN2yJT8q2CDbs7QhXIflRHXpTExB2J/AtyISJQ=
github.com/torsec/k8s-pod-attestation/pkg/tpm v0.0.0-20250331152135-a36bce465dba h1:LtePfBTH3KycipphM9xqK4RY+hgCTXAFpQSBFzf9eqw=
github.com/torsec/k8s-pod-attestation/pkg/tpm v0.0.0-20250331152135-a36bce465dba/go.mod h1:c36+cMN2yJT8q2CDbs7QhXIflRHXpTExB2J/AtyISJQ=
github.com/torsec/k8s-pod-attestation/pkg/tpm v0.0.0-20250401084726-0027f8473ca8 h1:Ldvmq+OGXIPI/ZFr2TuzVUdw1WU/7FRp9qHeeN9QnTk=
github.com/torsec/k8s-pod-attestation/pkg/tpm v0.0.0-20250401084726-0027f8473ca8/go.mod h1:c36+cMN2yJT8q2CDbs7QhXIflRHXpTExB2J/AtyISJQ=
github.com/torsec/k8s-pod-attestation/pkg/tpm v0.0.0-20250401121408-22b7b995c1dc h1:8KTbIXn29v5jKJb0jzl7ctK4cjavDwM3sjNxd+MVPYM=
github.com/torsec/k8s-pod-attestation/pkg/tpm v0.0.0-20250401121408-22b7b995c1dc/go.mod h1:UyEcxeEIACu3Yg1th6hEtrl2n649Z7yDLuEBeCr2UTI=
github.com/torsec/k8s-pod-attestation/pkg/tpm v0.0.0-20250401150006-d678a7d856b5 h1:UiaWqHF2yluSC5mY/FE9qIpUifIy1aDKFLc07iEucpQ=
github.com/torsec/k8s-pod-attestation/pkg/tpm v0.0.0-20250401150006-d678a7d856b5/go.mod h1:JayVh+ChAB1ep6KCtbD2F5YkckFR2EC+Mx8F0RMbqYk=
github.com/torsec/k8s-pod-attestation/pkg/tpm v0.0.0-20250401164944-a25aa54fb976 h1:jv1V8qW+/fpANsHsfcMT3R4pNfL+HU72xWydqIQ6VuI=
github.com/torsec/k8s-pod-attestation/pkg/tpm v0.0.0-20250401164944-a25aa54fb976/go.mod h1:JayVh+ChAB1ep6KCtbD2F5YkckFR2EC+Mx8F0RMbqYk=
github.com/torsec/k8s-pod-attestation/pkg/tpm v0.0.0-20250401192908-aae873fd7821 h1:tjxe0gmqxg7CCLmwibDXuGLzA/QU+B91/VYyDoG97Fg=
github.com/torsec/k8s-pod-attestation/pkg/tpm v0.0.0-20250401192908-aae873fd7821/go.mod h1:pWs4M85WZ6ZGWdcMMFD39DdAEnLaHu8mTIiqEZZP4qg=
github.com/torsec/k8s-pod-attestation/pkg/tpm v0.0.0-20250402095813-1d681c5e3cf9 h1:C6WdaMIhzG2UOvPoXzHoNb+Rc50wYmdfrxNP04jAanY=
github.com/torsec/k8s-pod-attestation/pkg/tpm v0.0.0-20250402095813-1d681c5e3cf9/go.mod h1:gzmoI0WaeE0WP01vfFpdzXVduHgnDjwfCb6b3Mg/ak0=
github.com/torsec/k8s-pod-attestation/pkg/tpm v0.0.0-20250402123629-48d30d0c63fb h1:qYiO6sIAw8+UHh2ryEBPGqhUwVUPwXSJlDAHKLbzFOM=
github.com/torsec/k8s-pod-attestation/pkg/tpm v0.0.0-20250402123629-48d30d0c63fb/go.mod h1:0ds42382iOiczHHc70fR6uf22v1S9R6/VPg0PgCFINs=
github.com/torsec/k8s-pod-attestation/pkg/tpm v0.0.0-20250402133531-23a39779cf54 h1:v2ceHrKVaz7rURvAG2Ujfo8qbL/ZubQjOrPrfAvQQW0=
github.com/torsec/k8s-pod-attestation/pkg/tpm v0.0.0-20250402133531-23a39779cf54/go.mod h1:6y3zZQRkjEdnryNZFAwOkpj5HaekR9ETm7zE1c0iv1Q=
github.com/torsec/k8s-pod-attestation/pkg/tpm v0.0.0-20250402142050-54878dcb42ed h1:+eT5RGs7vE47N/xCFIRxjA+QbvoPYZNaw2HH6gT8Xfo=
github.com/torsec/k8s-pod-attestation/pkg/tpm v0.0.0-20250402142050-54878dcb42ed/go.mod h1:6y3zZQRkjEdnryNZFAwOkpj5HaekR9ETm7zE1c0iv1Q=
github.com/twitchyliquid64/golang-asm v0.15.1 h1:SU5vSMR7hnwNxj24w34ZyCi/FmDZTkS4MhqMhdFk5YI=
github.com/twitchyliquid64/golang-asm v0.15.1/go.mod h1:a1lVb/DtPvCB8fslRZhAngC2+aY1QWCk3Cedj/Gdt08=
github.com/ugorji/go/codec v1.2.12 h1:9LC83zGrHhuUA9l16C9AHXAqEV/2wBQ4nkvumAE65EE=
github.com/ugorji/go/codec v1.2.12/go.mod h1:UNopzCgEMSXjBc6AOMqYvWC1ktqTAfzJZUZgYf6w6lg=
go.uber.org/multierr v1.11.0 h1:blXXJkSxSSfBVBlC76pxqeO+LN3aDfLQo+309xJstO0=
go.uber.org/multierr v1.11.0/go.mod h1:20+QtiLqy0Nd6FdQB9TLXag12DsQkrbs3htMFfDN80Y=
golang.org/x/arch v0.15.0 h1:QtOrQd0bTUnhNVNndMpLHNWrDmYzZ2KDqSrEymqInZw=
golang.org/x/arch v0.15.0/go.mod h1:JmwW7aLIoRUKgaTzhkiEFxvcEiQGyOg9BMonBJUS7EE=
golang.org/x/crypto v0.36.0 h1:AnAEvhDddvBdpY+uR+MyHmuZzzNqXSe/GvuDeob5L34=
golang.org/x/crypto v0.36.0/go.mod h1:Y4J0ReaxCR1IMaabaSMugxJES1EpwhBHhv2bDHklZvc=
golang.org/x/exp v0.0.0-20240531132922-fd00a4e0eefc h1:O9NuF4s+E/PvMIy+9IUZB9znFwUIXEWSstNjek6VpVg=
golang.org/x/exp v0.0.0-20240531132922-fd00a4e0eefc/go.mod h1:XtvwrStGgqGPLc4cjQfWqZHG1YFdYs6swckp8vpsjnc=
golang.org/x/net v0.37.0 h1:1zLorHbz+LYj7MQlSf1+2tPIIgibq2eL5xkrGk6f+2c=
golang.org/x/net v0.37.0/go.mod h1:ivrbrMbzFq5J41QOQh0siUuly180yBYtLp+CKbEaFx8=
golang.org/x/net v0.38.0 h1:vRMAPTMaeGqVhG5QyLJHqNDwecKTomGeqbnfZyKlBI8=
golang.org/x/net v0.38.0/go.mod h1:ivrbrMbzFq5J41QOQh0siUuly180yBYtLp+CKbEaFx8=
golang.org/x/sys v0.0.0-20210426230700-d19ff857e887/go.mod h1:h1NjWce9XRLGQEsW7wpKNCjG9DtNlClVuFLEZdDNbEs=
golang.org/x/sys v0.6.0/go.mod h1:oPkhp1MJrh7nUepCBck5+mAzfO9JrbApNNgaTdGDITg=
golang.org/x/sys v0.31.0 h1:ioabZlmFYtWhL+TRYpcnNlLwhyxaM9kWTDEmfnprqik=
golang.org/x/sys v0.31.0/go.mod h1:BJP2sWEmIv4KK5OTEluFJCKSidICx8ciO85XgH3Ak8k=
golang.org/x/text v0.23.0 h1:D71I7dUrlY+VX0gQShAThNGHFxZ13dGLBHQLVl1mJlY=
golang.org/x/text v0.23.0/go.mod h1:/BLNzu4aZCJ1+kcD0DNRotWKage4q2rGVAg4o22unh4=
google.golang.org/protobuf v1.36.5 h1:tPhr+woSbjfYvY6/GPufUoYizxw1cF/yFoxJ2fmpwlM=
google.golang.org/protobuf v1.36.5/go.mod h1:9fA7Ob0pmnwhb644+1+CVWFRbNajQ6iRojtC/QF5bRE=
google.golang.org/protobuf v1.36.6 h1:z1NpPI8ku2WgiWnf+t9wTPsn6eP1L7ksHUlkfLvd9xY=
google.golang.org/protobuf v1.36.6/go.mod h1:jduwjTPXsFjZGTmRluh+L6NjiWu7pchiJ2/5YcXBHnY=
gopkg.in/check.v1 v0.0.0-20161208181325-20d25e280405 h1:yhCVgyC4o1eVCa2tZl7eS0r+SDo693bJlVdllGtEeKM=
gopkg.in/check.v1 v0.0.0-20161208181325-20d25e280405/go.mod h1:Co6ibVJAznAaIkqp8huTwlJQCZ016jof/cbN4VW5Yz0=
gopkg.in/yaml.v3 v3.0.0-20200313102051-9f266ea9e77c/go.mod h1:K4uyk7z7BCEPqu6E+C64Yfv1cQ7kz7rIZviUmN+EgEM=
gopkg.in/yaml.v3 v3.0.1 h1:fxVm/GzAzEWqLHuvctI91KS9hhNmmWOoWu0XTYJS7CA=
gopkg.in/yaml.v3 v3.0.1/go.mod h1:K4uyk7z7BCEPqu6E+C64Yfv1cQ7kz7rIZviUmN+EgEM=
nullprogram.com/x/optparse v1.0.0/go.mod h1:KdyPE+Igbe0jQUrVfMqDMeJQIJZEuyV7pjYmp6pbG50=
